// !$*UTF8*$!
{
	archiveVersion = 1;
	classes = {
	};
	objectVersion = 46;
	objects = {

/* Begin PBXBuildFile section */
		00E356F31AD99517003FC87E /* Papyrus_60Tests.m in Sources */ = {isa = PBXBuildFile; fileRef = 00E356F21AD99517003FC87E /* Papyrus_60Tests.m */; };
		13B07FBC1A68108700A75B9A /* AppDelegate.m in Sources */ = {isa = PBXBuildFile; fileRef = 13B07FB01A68108700A75B9A /* AppDelegate.m */; };
		13B07FBD1A68108700A75B9A /* LaunchScreen.xib in Resources */ = {isa = PBXBuildFile; fileRef = 13B07FB11A68108700A75B9A /* LaunchScreen.xib */; };
		13B07FBF1A68108700A75B9A /* Images.xcassets in Resources */ = {isa = PBXBuildFile; fileRef = 13B07FB51A68108700A75B9A /* Images.xcassets */; };
		13B07FC11A68108700A75B9A /* main.m in Sources */ = {isa = PBXBuildFile; fileRef = 13B07FB71A68108700A75B9A /* main.m */; };
		2D02E4BC1E0B4A80006451C7 /* AppDelegate.m in Sources */ = {isa = PBXBuildFile; fileRef = 13B07FB01A68108700A75B9A /* AppDelegate.m */; };
		2D02E4BD1E0B4A84006451C7 /* Images.xcassets in Resources */ = {isa = PBXBuildFile; fileRef = 13B07FB51A68108700A75B9A /* Images.xcassets */; };
		2D02E4BF1E0B4AB3006451C7 /* main.m in Sources */ = {isa = PBXBuildFile; fileRef = 13B07FB71A68108700A75B9A /* main.m */; };
		2DCD954D1E0B4F2C00145EB5 /* Papyrus_60Tests.m in Sources */ = {isa = PBXBuildFile; fileRef = 00E356F21AD99517003FC87E /* Papyrus_60Tests.m */; };
		352276B24F4EBB4DB5EE04FF /* libPods-Papyrus_60-tvOSTests.a in Frameworks */ = {isa = PBXBuildFile; fileRef = 79A264A1C30E39142224CD6F /* libPods-Papyrus_60-tvOSTests.a */; };
		5B0777706418D44A12BE343D /* libPods-Papyrus_60Tests.a in Frameworks */ = {isa = PBXBuildFile; fileRef = 48F6F3C8D3293B054BA519B8 /* libPods-Papyrus_60Tests.a */; };
		9704AB7B54401C6FC49240B4 /* libPods-Papyrus_60.a in Frameworks */ = {isa = PBXBuildFile; fileRef = 94B6B2BC0B617F7A6ED79A4D /* libPods-Papyrus_60.a */; };
		B14372AC2C8B10FC414EF7BE /* libPods-Papyrus_60-tvOS.a in Frameworks */ = {isa = PBXBuildFile; fileRef = CD61631D36109EF0EBD1A3B5 /* libPods-Papyrus_60-tvOS.a */; };
		D3A24D559E4E4877BA0097EE /* AntDesign.ttf in Resources */ = {isa = PBXBuildFile; fileRef = 55D6ED146FCB44AD82ADABE3 /* AntDesign.ttf */; };
		6B258F621B384157A44974F3 /* Entypo.ttf in Resources */ = {isa = PBXBuildFile; fileRef = CCC4DDB009534F528F3D1CD4 /* Entypo.ttf */; };
		083213C89599437ABB6E1530 /* EvilIcons.ttf in Resources */ = {isa = PBXBuildFile; fileRef = 1088FE1506CF4141B6DF5B3F /* EvilIcons.ttf */; };
		7B046E6FABCD4340B30D6ABF /* Feather.ttf in Resources */ = {isa = PBXBuildFile; fileRef = E1C2AE67AB6944B28F8FCAC9 /* Feather.ttf */; };
		6AE785B2B2D049F5B10F5ACD /* FontAwesome.ttf in Resources */ = {isa = PBXBuildFile; fileRef = D22D434B02B64F359E637E75 /* FontAwesome.ttf */; };
		A539C3B9DF0C43B3A0FFA155 /* FontAwesome5_Brands.ttf in Resources */ = {isa = PBXBuildFile; fileRef = 7202F09E8493433BAFDD5E74 /* FontAwesome5_Brands.ttf */; };
		42540E56F6ED4C1A9A9C191B /* FontAwesome5_Regular.ttf in Resources */ = {isa = PBXBuildFile; fileRef = 6B485812B06A49AFBBCD6C11 /* FontAwesome5_Regular.ttf */; };
		602B2426560B47808BAF6B0A /* FontAwesome5_Solid.ttf in Resources */ = {isa = PBXBuildFile; fileRef = 9B7E07149A2B4B21AF9DC691 /* FontAwesome5_Solid.ttf */; };
		59F89767189E4CF0B2D70769 /* Foundation.ttf in Resources */ = {isa = PBXBuildFile; fileRef = 366B620061274099BEC53797 /* Foundation.ttf */; };
		7EB1DAA1AAAC456693338E71 /* Ionicons.ttf in Resources */ = {isa = PBXBuildFile; fileRef = ECCC52BB6F9C430391602F4D /* Ionicons.ttf */; };
		AF2BB4AA37574A80A38D6302 /* MaterialCommunityIcons.ttf in Resources */ = {isa = PBXBuildFile; fileRef = EC4628DC988844B38051383C /* MaterialCommunityIcons.ttf */; };
		45BB9C30373D4F308DAC78F6 /* MaterialIcons.ttf in Resources */ = {isa = PBXBuildFile; fileRef = C25350FE56A64D2DA6FB78AD /* MaterialIcons.ttf */; };
		A001FCA0CE034A3B897611BF /* Octicons.ttf in Resources */ = {isa = PBXBuildFile; fileRef = D8574C33C8064890A0AF67F5 /* Octicons.ttf */; };
		3BCBE71A96D6441D8F240D52 /* Roboto_medium.ttf in Resources */ = {isa = PBXBuildFile; fileRef = 29D28FCACAF84561AA7E19BF /* Roboto_medium.ttf */; };
		950C042FC984451F956C9D8E /* Roboto.ttf in Resources */ = {isa = PBXBuildFile; fileRef = 06ADE66179F34D589B69CCDA /* Roboto.ttf */; };
		685FF04A26594CE980B82041 /* rubicon-icon-font.ttf in Resources */ = {isa = PBXBuildFile; fileRef = 7232027CD72740CFB476D10F /* rubicon-icon-font.ttf */; };
		AAFADB6C03C24D758F721CB2 /* SimpleLineIcons.ttf in Resources */ = {isa = PBXBuildFile; fileRef = D40418D9E40B4409855AF644 /* SimpleLineIcons.ttf */; };
		BD22868592A04B2787F100AC /* Zocial.ttf in Resources */ = {isa = PBXBuildFile; fileRef = 714E53CDB59C49FF8DBA7377 /* Zocial.ttf */; };
		BCC93370F0DB459EB2FE90AE /* Fontisto.ttf in Resources */ = {isa = PBXBuildFile; fileRef = F1455D2DA5FE4DC5A8D9FFD4 /* Fontisto.ttf */; };
		9012156F73EB4E749247CFA6 /* Fontisto.ttf in Resources */ = {isa = PBXBuildFile; fileRef = 0465A5CD53F24713BC667E55 /* Fontisto.ttf */; };
		EBB1A8C1DFBD48D1B4ADD971 /* fa-brands-400.ttf in Resources */ = {isa = PBXBuildFile; fileRef = 249F2EC4E65A4912B8ADD437 /* fa-brands-400.ttf */; };
		DC4622BBAF9D4CC299AB5D35 /* fa-regular-400.ttf in Resources */ = {isa = PBXBuildFile; fileRef = DDBCFDCD690A47FA9C550547 /* fa-regular-400.ttf */; };
		DDE0252BF3504848B2404231 /* fa-solid-900.ttf in Resources */ = {isa = PBXBuildFile; fileRef = C2F115508BAF429E888BD8D7 /* fa-solid-900.ttf */; };
		7077B0D5B36448909A68D93B /* Proxima-Nova-Alt-Bold.otf in Resources */ = {isa = PBXBuildFile; fileRef = 941DA7B0EDCA4CF4A012C4F9 /* Proxima-Nova-Alt-Bold.otf */; };
		00CE9483C4A040249B37AA91 /* Proxima-Nova-Alt-Light.otf in Resources */ = {isa = PBXBuildFile; fileRef = BCE715FCDDE44D6A8AB070B3 /* Proxima-Nova-Alt-Light.otf */; };
		5732B080B0554910B38EF39D /* Proxima-Nova-Alt-Thin.otf in Resources */ = {isa = PBXBuildFile; fileRef = 234FE6BA58B14CE386C15DCB /* Proxima-Nova-Alt-Thin.otf */; };
		C31EC43245534A05B41457F9 /* Proxima-Nova-Black.otf in Resources */ = {isa = PBXBuildFile; fileRef = 54834567705F4EC88A3A315E /* Proxima-Nova-Black.otf */; };
		EF21690F359443D3A1F079B6 /* Proxima-Nova-Bold.otf in Resources */ = {isa = PBXBuildFile; fileRef = FF2EACC994654F6EB4364737 /* Proxima-Nova-Bold.otf */; };
		82AC43B425184EFF84421CE2 /* Proxima-Nova-Extrabold.otf in Resources */ = {isa = PBXBuildFile; fileRef = FCC50C0F8FDE4EA294482325 /* Proxima-Nova-Extrabold.otf */; };
		CD27C61A73B04FC9B56B70E8 /* Montserrat-Regular.otf in Resources */ = {isa = PBXBuildFile; fileRef = DBACD440921F4FA589377B4C /* Montserrat-Regular.otf */; };
		58039106736840BABAAE39E8 /* Proxima-Nova-Thin.otf in Resources */ = {isa = PBXBuildFile; fileRef = DA768C829FCD4B8AA03014B2 /* Proxima-Nova-Thin.otf */; };
		CFC2026B72BE47568557223D /* Montserrat-Black.ttf in Resources */ = {isa = PBXBuildFile; fileRef = C8ADC97A04B946D19694B67C /* Montserrat-Black.ttf */; };
		4CD09A35F2BD41B995689780 /* Montserrat-BlackItalic.ttf in Resources */ = {isa = PBXBuildFile; fileRef = E67819CE82EC4B9B80F758F2 /* Montserrat-BlackItalic.ttf */; };
		99D23DAAFC4B48D6A68E2C6B /* Montserrat-Bold.ttf in Resources */ = {isa = PBXBuildFile; fileRef = 049F9853F3594085ACB5EE18 /* Montserrat-Bold.ttf */; };
		826DB2417CC1446A8A30C52E /* Montserrat-BoldItalic.ttf in Resources */ = {isa = PBXBuildFile; fileRef = 47A230742A7B478FABD98A1A /* Montserrat-BoldItalic.ttf */; };
		D0B64632697340C8A9A0AE18 /* Montserrat-ExtraBold.ttf in Resources */ = {isa = PBXBuildFile; fileRef = 3F56E8FB9B7641C9940A342D /* Montserrat-ExtraBold.ttf */; };
		23D86215E26D48D7B8A37F59 /* Montserrat-ExtraBoldItalic.ttf in Resources */ = {isa = PBXBuildFile; fileRef = 378C89FF94CE4EA6BA24B760 /* Montserrat-ExtraBoldItalic.ttf */; };
		2F08F319E5AA466AAD04E814 /* Montserrat-ExtraLight.ttf in Resources */ = {isa = PBXBuildFile; fileRef = 29187E3CC6074758AC5FDFFC /* Montserrat-ExtraLight.ttf */; };
		9235443896154C4C918F3EB3 /* Montserrat-ExtraLightItalic.ttf in Resources */ = {isa = PBXBuildFile; fileRef = A9D618C5026741A3A24DC10A /* Montserrat-ExtraLightItalic.ttf */; };
		7DE38CE845E2476A98DD5B42 /* Montserrat-Italic.ttf in Resources */ = {isa = PBXBuildFile; fileRef = 9E2E5D3D1285423C819A6E00 /* Montserrat-Italic.ttf */; };
		FE688C26D53C4E538624C4D5 /* Montserrat-Light.ttf in Resources */ = {isa = PBXBuildFile; fileRef = DA6515758244497582BBE3A1 /* Montserrat-Light.ttf */; };
		39316F5186134A8FBC1E3BD9 /* Montserrat-LightItalic.ttf in Resources */ = {isa = PBXBuildFile; fileRef = 79D5CF6B50BE473BBBEB509E /* Montserrat-LightItalic.ttf */; };
		ED17C87075584D81A0F7EBC1 /* Montserrat-Medium.ttf in Resources */ = {isa = PBXBuildFile; fileRef = 0C6B48792C1B44B187607682 /* Montserrat-Medium.ttf */; };
		94F6F0AF4E9E4A259C253CC5 /* Montserrat-MediumItalic.ttf in Resources */ = {isa = PBXBuildFile; fileRef = 8E5F00F9ED8444F39394276A /* Montserrat-MediumItalic.ttf */; };
		02FBA9F30AA14C7ABD688727 /* Montserrat-Regular.ttf in Resources */ = {isa = PBXBuildFile; fileRef = 588D2E3F6D8D4FDB9F34BF43 /* Montserrat-Regular.ttf */; };
		EF76A5440A6243F4B72BC1D7 /* Montserrat-Bold.ttf in Resources */ = {isa = PBXBuildFile; fileRef = 3F27718112D142929D7DAC30 /* Montserrat-Bold.ttf */; };
		845D652CA3AA464F898D9C10 /* Montserrat-SemiBoldItalic.ttf in Resources */ = {isa = PBXBuildFile; fileRef = 499DFF2F8E11467AA3DC4202 /* Montserrat-SemiBoldItalic.ttf */; };
		E12633712A5C487C8D899074 /* Montserrat-Thin.ttf in Resources */ = {isa = PBXBuildFile; fileRef = 4E2ED7889602419DAA543FCB /* Montserrat-Thin.ttf */; };
		663546DEC519460785F518FE /* Montserrat-ThinItalic.ttf in Resources */ = {isa = PBXBuildFile; fileRef = 8BB0D7749F3842DC9A6346D8 /* Montserrat-ThinItalic.ttf */; };
		B948BEC121DD4D59837C621A /* Montserrat-SemiBold.ttf in Resources */ = {isa = PBXBuildFile; fileRef = 482AF9485CAA40A486E871E4 /* Montserrat-SemiBold.ttf */; };
		5DF6D6AB82634FF6A5B3FB90 /* MilkMustacheBB-Bold.ttf in Resources */ = {isa = PBXBuildFile; fileRef = 54E5934D4C5E4CC2BBF49DA1 /* MilkMustacheBB-Bold.ttf */; };
		5BA8E93B3E8C48739EB2658A /* MilkMustacheBB-Reg.ttf in Resources */ = {isa = PBXBuildFile; fileRef = 1973E73C8EE942578BC8F8B2 /* MilkMustacheBB-Reg.ttf */; };
		130C56552DDB455EA5D622BF /* Adamina-Regular.ttf in Resources */ = {isa = PBXBuildFile; fileRef = 473253904E054B9CA9247EA1 /* Adamina-Regular.ttf */; };
		CB8491704F3A492FB4009E5E /* Andika-R.ttf in Resources */ = {isa = PBXBuildFile; fileRef = 8EF5AD672C2A4F5AB549DBE2 /* Andika-R.ttf */; };
		BD2188704E8C442BB59AF7A5 /* Benne-Regular.otf in Resources */ = {isa = PBXBuildFile; fileRef = EFAF46DBB33240F7BF7FD7D3 /* Benne-Regular.otf */; };
		BF38E9AB77024DEBABF28726 /* Caudex-Bold.ttf in Resources */ = {isa = PBXBuildFile; fileRef = A3CD3856CAE24DC4931439D1 /* Caudex-Bold.ttf */; };
		EEC578DEE17D428E9D46BAEC /* Caudex-Regular.ttf in Resources */ = {isa = PBXBuildFile; fileRef = 5535A3B3EFE943FFBD6E2347 /* Caudex-Regular.ttf */; };
		7A6A086DCB92486898C6BABB /* HeadlandOne-Regular.ttf in Resources */ = {isa = PBXBuildFile; fileRef = EFCF86BF0E1E403E96E8BC84 /* HeadlandOne-Regular.ttf */; };
		5116B0755E3D46B0B3C12B47 /* MarkaziText-Bold.ttf in Resources */ = {isa = PBXBuildFile; fileRef = 86745E0A54934B27A8A405E6 /* MarkaziText-Bold.ttf */; };
		F2A57468F01A4D1183805E58 /* MarkaziText-Medium.ttf in Resources */ = {isa = PBXBuildFile; fileRef = 97B97338A6864102B409E69D /* MarkaziText-Medium.ttf */; };
		E50376240D7A4338B3D4A716 /* MarkaziText-Regular.ttf in Resources */ = {isa = PBXBuildFile; fileRef = FA0259D8834443D9A6B1F298 /* MarkaziText-Regular.ttf */; };
		95E4D3B9AE294EC9916796E8 /* MarkaziText-SemiBold.ttf in Resources */ = {isa = PBXBuildFile; fileRef = E7E678875DAD483C9B238D37 /* MarkaziText-SemiBold.ttf */; };
		D7241B0EC6F2442DA357BBF9 /* Spectral-Bold.ttf in Resources */ = {isa = PBXBuildFile; fileRef = DC5AC8E5B9B140B6AC4AEAC4 /* Spectral-Bold.ttf */; };
		EC476FC5730547FBAAB14344 /* Spectral-Medium.ttf in Resources */ = {isa = PBXBuildFile; fileRef = C5798B6823014194ADDF1D1D /* Spectral-Medium.ttf */; };
		E9E48DCAF1704FA5B860B23F /* Spectral-Regular.ttf in Resources */ = {isa = PBXBuildFile; fileRef = A05718FDEEB14870BE234272 /* Spectral-Regular.ttf */; };
		5AE1C769BD8640D9A673C463 /* Spectral-SemiBold.ttf in Resources */ = {isa = PBXBuildFile; fileRef = 1E0DF036FA09440AAA8317C9 /* Spectral-SemiBold.ttf */; };
/* End PBXBuildFile section */

/* Begin PBXContainerItemProxy section */
		00E356F41AD99517003FC87E /* PBXContainerItemProxy */ = {
			isa = PBXContainerItemProxy;
			containerPortal = 83CBB9F71A601CBA00E9B192 /* Project object */;
			proxyType = 1;
			remoteGlobalIDString = 13B07F861A680F5B00A75B9A;
			remoteInfo = Papyrus_60;
		};
		2D02E4911E0B4A5D006451C7 /* PBXContainerItemProxy */ = {
			isa = PBXContainerItemProxy;
			containerPortal = 83CBB9F71A601CBA00E9B192 /* Project object */;
			proxyType = 1;
			remoteGlobalIDString = 2D02E47A1E0B4A5D006451C7;
			remoteInfo = "Papyrus_60-tvOS";
		};
/* End PBXContainerItemProxy section */

/* Begin PBXFileReference section */
		008F07F21AC5B25A0029DE68 /* main.jsbundle */ = {isa = PBXFileReference; fileEncoding = 4; lastKnownFileType = text; path = main.jsbundle; sourceTree = "<group>"; };
		00E356EE1AD99517003FC87E /* Papyrus_60Tests.xctest */ = {isa = PBXFileReference; explicitFileType = wrapper.cfbundle; includeInIndex = 0; path = Papyrus_60Tests.xctest; sourceTree = BUILT_PRODUCTS_DIR; };
		00E356F11AD99517003FC87E /* Info.plist */ = {isa = PBXFileReference; lastKnownFileType = text.plist.xml; path = Info.plist; sourceTree = "<group>"; };
		00E356F21AD99517003FC87E /* Papyrus_60Tests.m */ = {isa = PBXFileReference; lastKnownFileType = sourcecode.c.objc; path = Papyrus_60Tests.m; sourceTree = "<group>"; };
		048DD103EEEE17D7805F6C21 /* Pods-Papyrus_60-tvOS.release.xcconfig */ = {isa = PBXFileReference; includeInIndex = 1; lastKnownFileType = text.xcconfig; name = "Pods-Papyrus_60-tvOS.release.xcconfig"; path = "Target Support Files/Pods-Papyrus_60-tvOS/Pods-Papyrus_60-tvOS.release.xcconfig"; sourceTree = "<group>"; };
		13B07F961A680F5B00A75B9A /* Papyrus_60.app */ = {isa = PBXFileReference; explicitFileType = wrapper.application; includeInIndex = 0; path = Papyrus_60.app; sourceTree = BUILT_PRODUCTS_DIR; };
		13B07FAF1A68108700A75B9A /* AppDelegate.h */ = {isa = PBXFileReference; fileEncoding = 4; lastKnownFileType = sourcecode.c.h; name = AppDelegate.h; path = Papyrus_60/AppDelegate.h; sourceTree = "<group>"; };
		13B07FB01A68108700A75B9A /* AppDelegate.m */ = {isa = PBXFileReference; fileEncoding = 4; lastKnownFileType = sourcecode.c.objc; name = AppDelegate.m; path = Papyrus_60/AppDelegate.m; sourceTree = "<group>"; };
		13B07FB21A68108700A75B9A /* Base */ = {isa = PBXFileReference; lastKnownFileType = file.xib; name = Base; path = Base.lproj/LaunchScreen.xib; sourceTree = "<group>"; };
		13B07FB51A68108700A75B9A /* Images.xcassets */ = {isa = PBXFileReference; lastKnownFileType = folder.assetcatalog; name = Images.xcassets; path = Papyrus_60/Images.xcassets; sourceTree = "<group>"; };
		13B07FB61A68108700A75B9A /* Info.plist */ = {isa = PBXFileReference; fileEncoding = 4; lastKnownFileType = text.plist.xml; name = Info.plist; path = Papyrus_60/Info.plist; sourceTree = "<group>"; };
		13B07FB71A68108700A75B9A /* main.m */ = {isa = PBXFileReference; fileEncoding = 4; lastKnownFileType = sourcecode.c.objc; name = main.m; path = Papyrus_60/main.m; sourceTree = "<group>"; };
		1454757EC0E423F85B6F9C8D /* Pods-Papyrus_60-tvOSTests.debug.xcconfig */ = {isa = PBXFileReference; includeInIndex = 1; lastKnownFileType = text.xcconfig; name = "Pods-Papyrus_60-tvOSTests.debug.xcconfig"; path = "Target Support Files/Pods-Papyrus_60-tvOSTests/Pods-Papyrus_60-tvOSTests.debug.xcconfig"; sourceTree = "<group>"; };
		1D3110FAC806724265018CA1 /* Pods-Papyrus_60-tvOSTests.release.xcconfig */ = {isa = PBXFileReference; includeInIndex = 1; lastKnownFileType = text.xcconfig; name = "Pods-Papyrus_60-tvOSTests.release.xcconfig"; path = "Target Support Files/Pods-Papyrus_60-tvOSTests/Pods-Papyrus_60-tvOSTests.release.xcconfig"; sourceTree = "<group>"; };
		245F0E6BADE09627E937397B /* Pods-Papyrus_60-tvOS.debug.xcconfig */ = {isa = PBXFileReference; includeInIndex = 1; lastKnownFileType = text.xcconfig; name = "Pods-Papyrus_60-tvOS.debug.xcconfig"; path = "Target Support Files/Pods-Papyrus_60-tvOS/Pods-Papyrus_60-tvOS.debug.xcconfig"; sourceTree = "<group>"; };
		2D02E47B1E0B4A5D006451C7 /* Papyrus_60-tvOS.app */ = {isa = PBXFileReference; explicitFileType = wrapper.application; includeInIndex = 0; path = "Papyrus_60-tvOS.app"; sourceTree = BUILT_PRODUCTS_DIR; };
		2D02E4901E0B4A5D006451C7 /* Papyrus_60-tvOSTests.xctest */ = {isa = PBXFileReference; explicitFileType = wrapper.cfbundle; includeInIndex = 0; path = "Papyrus_60-tvOSTests.xctest"; sourceTree = BUILT_PRODUCTS_DIR; };
		48F6F3C8D3293B054BA519B8 /* libPods-Papyrus_60Tests.a */ = {isa = PBXFileReference; explicitFileType = archive.ar; includeInIndex = 0; path = "libPods-Papyrus_60Tests.a"; sourceTree = BUILT_PRODUCTS_DIR; };
		7074FF84E94FC8B8F0F61189 /* Pods-Papyrus_60.debug.xcconfig */ = {isa = PBXFileReference; includeInIndex = 1; lastKnownFileType = text.xcconfig; name = "Pods-Papyrus_60.debug.xcconfig"; path = "Target Support Files/Pods-Papyrus_60/Pods-Papyrus_60.debug.xcconfig"; sourceTree = "<group>"; };
		71E855EF2A18BFF7AB6060DE /* Pods-Papyrus_60.release.xcconfig */ = {isa = PBXFileReference; includeInIndex = 1; lastKnownFileType = text.xcconfig; name = "Pods-Papyrus_60.release.xcconfig"; path = "Target Support Files/Pods-Papyrus_60/Pods-Papyrus_60.release.xcconfig"; sourceTree = "<group>"; };
		79A264A1C30E39142224CD6F /* libPods-Papyrus_60-tvOSTests.a */ = {isa = PBXFileReference; explicitFileType = archive.ar; includeInIndex = 0; path = "libPods-Papyrus_60-tvOSTests.a"; sourceTree = BUILT_PRODUCTS_DIR; };
		7D26C701D60427DB2F5368F0 /* Pods-Papyrus_60Tests.release.xcconfig */ = {isa = PBXFileReference; includeInIndex = 1; lastKnownFileType = text.xcconfig; name = "Pods-Papyrus_60Tests.release.xcconfig"; path = "Target Support Files/Pods-Papyrus_60Tests/Pods-Papyrus_60Tests.release.xcconfig"; sourceTree = "<group>"; };
		94B6B2BC0B617F7A6ED79A4D /* libPods-Papyrus_60.a */ = {isa = PBXFileReference; explicitFileType = archive.ar; includeInIndex = 0; path = "libPods-Papyrus_60.a"; sourceTree = BUILT_PRODUCTS_DIR; };
		C22D08B10B0E753EAB7C4491 /* Pods-Papyrus_60Tests.debug.xcconfig */ = {isa = PBXFileReference; includeInIndex = 1; lastKnownFileType = text.xcconfig; name = "Pods-Papyrus_60Tests.debug.xcconfig"; path = "Target Support Files/Pods-Papyrus_60Tests/Pods-Papyrus_60Tests.debug.xcconfig"; sourceTree = "<group>"; };
		CD61631D36109EF0EBD1A3B5 /* libPods-Papyrus_60-tvOS.a */ = {isa = PBXFileReference; explicitFileType = archive.ar; includeInIndex = 0; path = "libPods-Papyrus_60-tvOS.a"; sourceTree = BUILT_PRODUCTS_DIR; };
		ED297162215061F000B7C4FE /* JavaScriptCore.framework */ = {isa = PBXFileReference; lastKnownFileType = wrapper.framework; name = JavaScriptCore.framework; path = System/Library/Frameworks/JavaScriptCore.framework; sourceTree = SDKROOT; };
		ED2971642150620600B7C4FE /* JavaScriptCore.framework */ = {isa = PBXFileReference; lastKnownFileType = wrapper.framework; name = JavaScriptCore.framework; path = Platforms/AppleTVOS.platform/Developer/SDKs/AppleTVOS12.0.sdk/System/Library/Frameworks/JavaScriptCore.framework; sourceTree = DEVELOPER_DIR; };
		55D6ED146FCB44AD82ADABE3 /* AntDesign.ttf */ = {isa = PBXFileReference; name = "AntDesign.ttf"; path = "../node_modules/native-base/Fonts/AntDesign.ttf"; sourceTree = "<group>"; fileEncoding = undefined; lastKnownFileType = unknown; explicitFileType = undefined; includeInIndex = 0; };
		CCC4DDB009534F528F3D1CD4 /* Entypo.ttf */ = {isa = PBXFileReference; name = "Entypo.ttf"; path = "../node_modules/native-base/Fonts/Entypo.ttf"; sourceTree = "<group>"; fileEncoding = undefined; lastKnownFileType = unknown; explicitFileType = undefined; includeInIndex = 0; };
		1088FE1506CF4141B6DF5B3F /* EvilIcons.ttf */ = {isa = PBXFileReference; name = "EvilIcons.ttf"; path = "../node_modules/native-base/Fonts/EvilIcons.ttf"; sourceTree = "<group>"; fileEncoding = undefined; lastKnownFileType = unknown; explicitFileType = undefined; includeInIndex = 0; };
		E1C2AE67AB6944B28F8FCAC9 /* Feather.ttf */ = {isa = PBXFileReference; name = "Feather.ttf"; path = "../node_modules/native-base/Fonts/Feather.ttf"; sourceTree = "<group>"; fileEncoding = undefined; lastKnownFileType = unknown; explicitFileType = undefined; includeInIndex = 0; };
		D22D434B02B64F359E637E75 /* FontAwesome.ttf */ = {isa = PBXFileReference; name = "FontAwesome.ttf"; path = "../node_modules/native-base/Fonts/FontAwesome.ttf"; sourceTree = "<group>"; fileEncoding = undefined; lastKnownFileType = unknown; explicitFileType = undefined; includeInIndex = 0; };
		7202F09E8493433BAFDD5E74 /* FontAwesome5_Brands.ttf */ = {isa = PBXFileReference; name = "FontAwesome5_Brands.ttf"; path = "../node_modules/native-base/Fonts/FontAwesome5_Brands.ttf"; sourceTree = "<group>"; fileEncoding = undefined; lastKnownFileType = unknown; explicitFileType = undefined; includeInIndex = 0; };
		6B485812B06A49AFBBCD6C11 /* FontAwesome5_Regular.ttf */ = {isa = PBXFileReference; name = "FontAwesome5_Regular.ttf"; path = "../node_modules/native-base/Fonts/FontAwesome5_Regular.ttf"; sourceTree = "<group>"; fileEncoding = undefined; lastKnownFileType = unknown; explicitFileType = undefined; includeInIndex = 0; };
		9B7E07149A2B4B21AF9DC691 /* FontAwesome5_Solid.ttf */ = {isa = PBXFileReference; name = "FontAwesome5_Solid.ttf"; path = "../node_modules/native-base/Fonts/FontAwesome5_Solid.ttf"; sourceTree = "<group>"; fileEncoding = undefined; lastKnownFileType = unknown; explicitFileType = undefined; includeInIndex = 0; };
		366B620061274099BEC53797 /* Foundation.ttf */ = {isa = PBXFileReference; name = "Foundation.ttf"; path = "../node_modules/native-base/Fonts/Foundation.ttf"; sourceTree = "<group>"; fileEncoding = undefined; lastKnownFileType = unknown; explicitFileType = undefined; includeInIndex = 0; };
		ECCC52BB6F9C430391602F4D /* Ionicons.ttf */ = {isa = PBXFileReference; name = "Ionicons.ttf"; path = "../node_modules/native-base/Fonts/Ionicons.ttf"; sourceTree = "<group>"; fileEncoding = undefined; lastKnownFileType = unknown; explicitFileType = undefined; includeInIndex = 0; };
		EC4628DC988844B38051383C /* MaterialCommunityIcons.ttf */ = {isa = PBXFileReference; name = "MaterialCommunityIcons.ttf"; path = "../node_modules/native-base/Fonts/MaterialCommunityIcons.ttf"; sourceTree = "<group>"; fileEncoding = undefined; lastKnownFileType = unknown; explicitFileType = undefined; includeInIndex = 0; };
		C25350FE56A64D2DA6FB78AD /* MaterialIcons.ttf */ = {isa = PBXFileReference; name = "MaterialIcons.ttf"; path = "../node_modules/native-base/Fonts/MaterialIcons.ttf"; sourceTree = "<group>"; fileEncoding = undefined; lastKnownFileType = unknown; explicitFileType = undefined; includeInIndex = 0; };
		D8574C33C8064890A0AF67F5 /* Octicons.ttf */ = {isa = PBXFileReference; name = "Octicons.ttf"; path = "../node_modules/native-base/Fonts/Octicons.ttf"; sourceTree = "<group>"; fileEncoding = undefined; lastKnownFileType = unknown; explicitFileType = undefined; includeInIndex = 0; };
		29D28FCACAF84561AA7E19BF /* Roboto_medium.ttf */ = {isa = PBXFileReference; name = "Roboto_medium.ttf"; path = "../node_modules/native-base/Fonts/Roboto_medium.ttf"; sourceTree = "<group>"; fileEncoding = undefined; lastKnownFileType = unknown; explicitFileType = undefined; includeInIndex = 0; };
		06ADE66179F34D589B69CCDA /* Roboto.ttf */ = {isa = PBXFileReference; name = "Roboto.ttf"; path = "../node_modules/native-base/Fonts/Roboto.ttf"; sourceTree = "<group>"; fileEncoding = undefined; lastKnownFileType = unknown; explicitFileType = undefined; includeInIndex = 0; };
		7232027CD72740CFB476D10F /* rubicon-icon-font.ttf */ = {isa = PBXFileReference; name = "rubicon-icon-font.ttf"; path = "../node_modules/native-base/Fonts/rubicon-icon-font.ttf"; sourceTree = "<group>"; fileEncoding = undefined; lastKnownFileType = unknown; explicitFileType = undefined; includeInIndex = 0; };
		D40418D9E40B4409855AF644 /* SimpleLineIcons.ttf */ = {isa = PBXFileReference; name = "SimpleLineIcons.ttf"; path = "../node_modules/native-base/Fonts/SimpleLineIcons.ttf"; sourceTree = "<group>"; fileEncoding = undefined; lastKnownFileType = unknown; explicitFileType = undefined; includeInIndex = 0; };
		714E53CDB59C49FF8DBA7377 /* Zocial.ttf */ = {isa = PBXFileReference; name = "Zocial.ttf"; path = "../node_modules/native-base/Fonts/Zocial.ttf"; sourceTree = "<group>"; fileEncoding = undefined; lastKnownFileType = unknown; explicitFileType = undefined; includeInIndex = 0; };
		F1455D2DA5FE4DC5A8D9FFD4 /* Fontisto.ttf */ = {isa = PBXFileReference; name = "Fontisto.ttf"; path = "../node_modules/react-native-vector-icons/Fonts/Fontisto.ttf"; sourceTree = "<group>"; fileEncoding = undefined; lastKnownFileType = unknown; explicitFileType = undefined; includeInIndex = 0; };
		0465A5CD53F24713BC667E55 /* Fontisto.ttf */ = {isa = PBXFileReference; name = "Fontisto.ttf"; path = "../node_modules/native-base/Fonts/Fontisto.ttf"; sourceTree = "<group>"; fileEncoding = undefined; lastKnownFileType = unknown; explicitFileType = undefined; includeInIndex = 0; };
		249F2EC4E65A4912B8ADD437 /* fa-brands-400.ttf */ = {isa = PBXFileReference; name = "fa-brands-400.ttf"; path = "../assets/fonts/fa-brands-400.ttf"; sourceTree = "<group>"; fileEncoding = undefined; lastKnownFileType = unknown; explicitFileType = undefined; includeInIndex = 0; };
		DDBCFDCD690A47FA9C550547 /* fa-regular-400.ttf */ = {isa = PBXFileReference; name = "fa-regular-400.ttf"; path = "../assets/fonts/fa-regular-400.ttf"; sourceTree = "<group>"; fileEncoding = undefined; lastKnownFileType = unknown; explicitFileType = undefined; includeInIndex = 0; };
		C2F115508BAF429E888BD8D7 /* fa-solid-900.ttf */ = {isa = PBXFileReference; name = "fa-solid-900.ttf"; path = "../assets/fonts/fa-solid-900.ttf"; sourceTree = "<group>"; fileEncoding = undefined; lastKnownFileType = unknown; explicitFileType = undefined; includeInIndex = 0; };
		941DA7B0EDCA4CF4A012C4F9 /* Proxima-Nova-Alt-Bold.otf */ = {isa = PBXFileReference; name = "Proxima-Nova-Alt-Bold.otf"; path = "../assets/fonts/Proxima-Nova-Alt-Bold.otf"; sourceTree = "<group>"; fileEncoding = undefined; lastKnownFileType = unknown; explicitFileType = undefined; includeInIndex = 0; };
		BCE715FCDDE44D6A8AB070B3 /* Proxima-Nova-Alt-Light.otf */ = {isa = PBXFileReference; name = "Proxima-Nova-Alt-Light.otf"; path = "../assets/fonts/Proxima-Nova-Alt-Light.otf"; sourceTree = "<group>"; fileEncoding = undefined; lastKnownFileType = unknown; explicitFileType = undefined; includeInIndex = 0; };
		234FE6BA58B14CE386C15DCB /* Proxima-Nova-Alt-Thin.otf */ = {isa = PBXFileReference; name = "Proxima-Nova-Alt-Thin.otf"; path = "../assets/fonts/Proxima-Nova-Alt-Thin.otf"; sourceTree = "<group>"; fileEncoding = undefined; lastKnownFileType = unknown; explicitFileType = undefined; includeInIndex = 0; };
		54834567705F4EC88A3A315E /* Proxima-Nova-Black.otf */ = {isa = PBXFileReference; name = "Proxima-Nova-Black.otf"; path = "../assets/fonts/Proxima-Nova-Black.otf"; sourceTree = "<group>"; fileEncoding = undefined; lastKnownFileType = unknown; explicitFileType = undefined; includeInIndex = 0; };
		FF2EACC994654F6EB4364737 /* Proxima-Nova-Bold.otf */ = {isa = PBXFileReference; name = "Proxima-Nova-Bold.otf"; path = "../assets/fonts/Proxima-Nova-Bold.otf"; sourceTree = "<group>"; fileEncoding = undefined; lastKnownFileType = unknown; explicitFileType = undefined; includeInIndex = 0; };
		FCC50C0F8FDE4EA294482325 /* Proxima-Nova-Extrabold.otf */ = {isa = PBXFileReference; name = "Proxima-Nova-Extrabold.otf"; path = "../assets/fonts/Proxima-Nova-Extrabold.otf"; sourceTree = "<group>"; fileEncoding = undefined; lastKnownFileType = unknown; explicitFileType = undefined; includeInIndex = 0; };
		DBACD440921F4FA589377B4C /* Montserrat-Regular.otf */ = {isa = PBXFileReference; name = "Montserrat-Regular.otf"; path = "../assets/fonts/Montserrat-Regular.otf"; sourceTree = "<group>"; fileEncoding = undefined; lastKnownFileType = unknown; explicitFileType = undefined; includeInIndex = 0; };
		DA768C829FCD4B8AA03014B2 /* Proxima-Nova-Thin.otf */ = {isa = PBXFileReference; name = "Proxima-Nova-Thin.otf"; path = "../assets/fonts/Proxima-Nova-Thin.otf"; sourceTree = "<group>"; fileEncoding = undefined; lastKnownFileType = unknown; explicitFileType = undefined; includeInIndex = 0; };
		C8ADC97A04B946D19694B67C /* Montserrat-Black.ttf */ = {isa = PBXFileReference; name = "Montserrat-Black.ttf"; path = "../assets/fonts/Montserrat-Black.ttf"; sourceTree = "<group>"; fileEncoding = undefined; lastKnownFileType = unknown; explicitFileType = undefined; includeInIndex = 0; };
		E67819CE82EC4B9B80F758F2 /* Montserrat-BlackItalic.ttf */ = {isa = PBXFileReference; name = "Montserrat-BlackItalic.ttf"; path = "../assets/fonts/Montserrat-BlackItalic.ttf"; sourceTree = "<group>"; fileEncoding = undefined; lastKnownFileType = unknown; explicitFileType = undefined; includeInIndex = 0; };
		049F9853F3594085ACB5EE18 /* Montserrat-Bold.ttf */ = {isa = PBXFileReference; name = "Montserrat-Bold.ttf"; path = "../assets/fonts/Montserrat-Bold.ttf"; sourceTree = "<group>"; fileEncoding = undefined; lastKnownFileType = unknown; explicitFileType = undefined; includeInIndex = 0; };
		47A230742A7B478FABD98A1A /* Montserrat-BoldItalic.ttf */ = {isa = PBXFileReference; name = "Montserrat-BoldItalic.ttf"; path = "../assets/fonts/Montserrat-BoldItalic.ttf"; sourceTree = "<group>"; fileEncoding = undefined; lastKnownFileType = unknown; explicitFileType = undefined; includeInIndex = 0; };
		3F56E8FB9B7641C9940A342D /* Montserrat-ExtraBold.ttf */ = {isa = PBXFileReference; name = "Montserrat-ExtraBold.ttf"; path = "../assets/fonts/Montserrat-ExtraBold.ttf"; sourceTree = "<group>"; fileEncoding = undefined; lastKnownFileType = unknown; explicitFileType = undefined; includeInIndex = 0; };
		378C89FF94CE4EA6BA24B760 /* Montserrat-ExtraBoldItalic.ttf */ = {isa = PBXFileReference; name = "Montserrat-ExtraBoldItalic.ttf"; path = "../assets/fonts/Montserrat-ExtraBoldItalic.ttf"; sourceTree = "<group>"; fileEncoding = undefined; lastKnownFileType = unknown; explicitFileType = undefined; includeInIndex = 0; };
		29187E3CC6074758AC5FDFFC /* Montserrat-ExtraLight.ttf */ = {isa = PBXFileReference; name = "Montserrat-ExtraLight.ttf"; path = "../assets/fonts/Montserrat-ExtraLight.ttf"; sourceTree = "<group>"; fileEncoding = undefined; lastKnownFileType = unknown; explicitFileType = undefined; includeInIndex = 0; };
		A9D618C5026741A3A24DC10A /* Montserrat-ExtraLightItalic.ttf */ = {isa = PBXFileReference; name = "Montserrat-ExtraLightItalic.ttf"; path = "../assets/fonts/Montserrat-ExtraLightItalic.ttf"; sourceTree = "<group>"; fileEncoding = undefined; lastKnownFileType = unknown; explicitFileType = undefined; includeInIndex = 0; };
		9E2E5D3D1285423C819A6E00 /* Montserrat-Italic.ttf */ = {isa = PBXFileReference; name = "Montserrat-Italic.ttf"; path = "../assets/fonts/Montserrat-Italic.ttf"; sourceTree = "<group>"; fileEncoding = undefined; lastKnownFileType = unknown; explicitFileType = undefined; includeInIndex = 0; };
		DA6515758244497582BBE3A1 /* Montserrat-Light.ttf */ = {isa = PBXFileReference; name = "Montserrat-Light.ttf"; path = "../assets/fonts/Montserrat-Light.ttf"; sourceTree = "<group>"; fileEncoding = undefined; lastKnownFileType = unknown; explicitFileType = undefined; includeInIndex = 0; };
		79D5CF6B50BE473BBBEB509E /* Montserrat-LightItalic.ttf */ = {isa = PBXFileReference; name = "Montserrat-LightItalic.ttf"; path = "../assets/fonts/Montserrat-LightItalic.ttf"; sourceTree = "<group>"; fileEncoding = undefined; lastKnownFileType = unknown; explicitFileType = undefined; includeInIndex = 0; };
		0C6B48792C1B44B187607682 /* Montserrat-Medium.ttf */ = {isa = PBXFileReference; name = "Montserrat-Medium.ttf"; path = "../assets/fonts/Montserrat-Medium.ttf"; sourceTree = "<group>"; fileEncoding = undefined; lastKnownFileType = unknown; explicitFileType = undefined; includeInIndex = 0; };
		8E5F00F9ED8444F39394276A /* Montserrat-MediumItalic.ttf */ = {isa = PBXFileReference; name = "Montserrat-MediumItalic.ttf"; path = "../assets/fonts/Montserrat-MediumItalic.ttf"; sourceTree = "<group>"; fileEncoding = undefined; lastKnownFileType = unknown; explicitFileType = undefined; includeInIndex = 0; };
		588D2E3F6D8D4FDB9F34BF43 /* Montserrat-Regular.ttf */ = {isa = PBXFileReference; name = "Montserrat-Regular.ttf"; path = "../assets/fonts/Montserrat-Regular.ttf"; sourceTree = "<group>"; fileEncoding = undefined; lastKnownFileType = unknown; explicitFileType = undefined; includeInIndex = 0; };
		3F27718112D142929D7DAC30 /* Montserrat-Bold.ttf */ = {isa = PBXFileReference; name = "Montserrat-Bold.ttf"; path = "../assets/fonts/Montserrat-Bold.ttf"; sourceTree = "<group>"; fileEncoding = undefined; lastKnownFileType = unknown; explicitFileType = undefined; includeInIndex = 0; };
		499DFF2F8E11467AA3DC4202 /* Montserrat-SemiBoldItalic.ttf */ = {isa = PBXFileReference; name = "Montserrat-SemiBoldItalic.ttf"; path = "../assets/fonts/Montserrat-SemiBoldItalic.ttf"; sourceTree = "<group>"; fileEncoding = undefined; lastKnownFileType = unknown; explicitFileType = undefined; includeInIndex = 0; };
		4E2ED7889602419DAA543FCB /* Montserrat-Thin.ttf */ = {isa = PBXFileReference; name = "Montserrat-Thin.ttf"; path = "../assets/fonts/Montserrat-Thin.ttf"; sourceTree = "<group>"; fileEncoding = undefined; lastKnownFileType = unknown; explicitFileType = undefined; includeInIndex = 0; };
		8BB0D7749F3842DC9A6346D8 /* Montserrat-ThinItalic.ttf */ = {isa = PBXFileReference; name = "Montserrat-ThinItalic.ttf"; path = "../assets/fonts/Montserrat-ThinItalic.ttf"; sourceTree = "<group>"; fileEncoding = undefined; lastKnownFileType = unknown; explicitFileType = undefined; includeInIndex = 0; };
		482AF9485CAA40A486E871E4 /* Montserrat-SemiBold.ttf */ = {isa = PBXFileReference; name = "Montserrat-SemiBold.ttf"; path = "../assets/fonts/Montserrat-SemiBold.ttf"; sourceTree = "<group>"; fileEncoding = undefined; lastKnownFileType = unknown; explicitFileType = undefined; includeInIndex = 0; };
		54E5934D4C5E4CC2BBF49DA1 /* MilkMustacheBB-Bold.ttf */ = {isa = PBXFileReference; name = "MilkMustacheBB-Bold.ttf"; path = "../assets/fonts/MilkMustacheBB-Bold.ttf"; sourceTree = "<group>"; fileEncoding = undefined; lastKnownFileType = unknown; explicitFileType = undefined; includeInIndex = 0; };
		1973E73C8EE942578BC8F8B2 /* MilkMustacheBB-Reg.ttf */ = {isa = PBXFileReference; name = "MilkMustacheBB-Reg.ttf"; path = "../assets/fonts/MilkMustacheBB-Reg.ttf"; sourceTree = "<group>"; fileEncoding = undefined; lastKnownFileType = unknown; explicitFileType = undefined; includeInIndex = 0; };
		473253904E054B9CA9247EA1 /* Adamina-Regular.ttf */ = {isa = PBXFileReference; name = "Adamina-Regular.ttf"; path = "../assets/fonts/Adamina-Regular.ttf"; sourceTree = "<group>"; fileEncoding = undefined; lastKnownFileType = unknown; explicitFileType = undefined; includeInIndex = 0; };
		8EF5AD672C2A4F5AB549DBE2 /* Andika-R.ttf */ = {isa = PBXFileReference; name = "Andika-R.ttf"; path = "../assets/fonts/Andika-R.ttf"; sourceTree = "<group>"; fileEncoding = undefined; lastKnownFileType = unknown; explicitFileType = undefined; includeInIndex = 0; };
		EFAF46DBB33240F7BF7FD7D3 /* Benne-Regular.otf */ = {isa = PBXFileReference; name = "Benne-Regular.otf"; path = "../assets/fonts/Benne-Regular.otf"; sourceTree = "<group>"; fileEncoding = undefined; lastKnownFileType = unknown; explicitFileType = undefined; includeInIndex = 0; };
		A3CD3856CAE24DC4931439D1 /* Caudex-Bold.ttf */ = {isa = PBXFileReference; name = "Caudex-Bold.ttf"; path = "../assets/fonts/Caudex-Bold.ttf"; sourceTree = "<group>"; fileEncoding = undefined; lastKnownFileType = unknown; explicitFileType = undefined; includeInIndex = 0; };
		5535A3B3EFE943FFBD6E2347 /* Caudex-Regular.ttf */ = {isa = PBXFileReference; name = "Caudex-Regular.ttf"; path = "../assets/fonts/Caudex-Regular.ttf"; sourceTree = "<group>"; fileEncoding = undefined; lastKnownFileType = unknown; explicitFileType = undefined; includeInIndex = 0; };
		EFCF86BF0E1E403E96E8BC84 /* HeadlandOne-Regular.ttf */ = {isa = PBXFileReference; name = "HeadlandOne-Regular.ttf"; path = "../assets/fonts/HeadlandOne-Regular.ttf"; sourceTree = "<group>"; fileEncoding = undefined; lastKnownFileType = unknown; explicitFileType = undefined; includeInIndex = 0; };
		86745E0A54934B27A8A405E6 /* MarkaziText-Bold.ttf */ = {isa = PBXFileReference; name = "MarkaziText-Bold.ttf"; path = "../assets/fonts/MarkaziText-Bold.ttf"; sourceTree = "<group>"; fileEncoding = undefined; lastKnownFileType = unknown; explicitFileType = undefined; includeInIndex = 0; };
		97B97338A6864102B409E69D /* MarkaziText-Medium.ttf */ = {isa = PBXFileReference; name = "MarkaziText-Medium.ttf"; path = "../assets/fonts/MarkaziText-Medium.ttf"; sourceTree = "<group>"; fileEncoding = undefined; lastKnownFileType = unknown; explicitFileType = undefined; includeInIndex = 0; };
		FA0259D8834443D9A6B1F298 /* MarkaziText-Regular.ttf */ = {isa = PBXFileReference; name = "MarkaziText-Regular.ttf"; path = "../assets/fonts/MarkaziText-Regular.ttf"; sourceTree = "<group>"; fileEncoding = undefined; lastKnownFileType = unknown; explicitFileType = undefined; includeInIndex = 0; };
		E7E678875DAD483C9B238D37 /* MarkaziText-SemiBold.ttf */ = {isa = PBXFileReference; name = "MarkaziText-SemiBold.ttf"; path = "../assets/fonts/MarkaziText-SemiBold.ttf"; sourceTree = "<group>"; fileEncoding = undefined; lastKnownFileType = unknown; explicitFileType = undefined; includeInIndex = 0; };
		DC5AC8E5B9B140B6AC4AEAC4 /* Spectral-Bold.ttf */ = {isa = PBXFileReference; name = "Spectral-Bold.ttf"; path = "../assets/fonts/Spectral-Bold.ttf"; sourceTree = "<group>"; fileEncoding = undefined; lastKnownFileType = unknown; explicitFileType = undefined; includeInIndex = 0; };
		C5798B6823014194ADDF1D1D /* Spectral-Medium.ttf */ = {isa = PBXFileReference; name = "Spectral-Medium.ttf"; path = "../assets/fonts/Spectral-Medium.ttf"; sourceTree = "<group>"; fileEncoding = undefined; lastKnownFileType = unknown; explicitFileType = undefined; includeInIndex = 0; };
		A05718FDEEB14870BE234272 /* Spectral-Regular.ttf */ = {isa = PBXFileReference; name = "Spectral-Regular.ttf"; path = "../assets/fonts/Spectral-Regular.ttf"; sourceTree = "<group>"; fileEncoding = undefined; lastKnownFileType = unknown; explicitFileType = undefined; includeInIndex = 0; };
		1E0DF036FA09440AAA8317C9 /* Spectral-SemiBold.ttf */ = {isa = PBXFileReference; name = "Spectral-SemiBold.ttf"; path = "../assets/fonts/Spectral-SemiBold.ttf"; sourceTree = "<group>"; fileEncoding = undefined; lastKnownFileType = unknown; explicitFileType = undefined; includeInIndex = 0; };
/* End PBXFileReference section */

/* Begin PBXFrameworksBuildPhase section */
		00E356EB1AD99517003FC87E /* Frameworks */ = {
			isa = PBXFrameworksBuildPhase;
			buildActionMask = 2147483647;
			files = (
				5B0777706418D44A12BE343D /* libPods-Papyrus_60Tests.a in Frameworks */,
			);
			runOnlyForDeploymentPostprocessing = 0;
		};
		13B07F8C1A680F5B00A75B9A /* Frameworks */ = {
			isa = PBXFrameworksBuildPhase;
			buildActionMask = 2147483647;
			files = (
				9704AB7B54401C6FC49240B4 /* libPods-Papyrus_60.a in Frameworks */,
			);
			runOnlyForDeploymentPostprocessing = 0;
		};
		2D02E4781E0B4A5D006451C7 /* Frameworks */ = {
			isa = PBXFrameworksBuildPhase;
			buildActionMask = 2147483647;
			files = (
				B14372AC2C8B10FC414EF7BE /* libPods-Papyrus_60-tvOS.a in Frameworks */,
			);
			runOnlyForDeploymentPostprocessing = 0;
		};
		2D02E48D1E0B4A5D006451C7 /* Frameworks */ = {
			isa = PBXFrameworksBuildPhase;
			buildActionMask = 2147483647;
			files = (
				352276B24F4EBB4DB5EE04FF /* libPods-Papyrus_60-tvOSTests.a in Frameworks */,
			);
			runOnlyForDeploymentPostprocessing = 0;
		};
/* End PBXFrameworksBuildPhase section */

/* Begin PBXGroup section */
		00E356EF1AD99517003FC87E /* Papyrus_60Tests */ = {
			isa = PBXGroup;
			children = (
				00E356F21AD99517003FC87E /* Papyrus_60Tests.m */,
				00E356F01AD99517003FC87E /* Supporting Files */,
			);
			path = Papyrus_60Tests;
			sourceTree = "<group>";
		};
		00E356F01AD99517003FC87E /* Supporting Files */ = {
			isa = PBXGroup;
			children = (
				00E356F11AD99517003FC87E /* Info.plist */,
			);
			name = "Supporting Files";
			sourceTree = "<group>";
		};
		13B07FAE1A68108700A75B9A /* Papyrus_60 */ = {
			isa = PBXGroup;
			children = (
				008F07F21AC5B25A0029DE68 /* main.jsbundle */,
				13B07FAF1A68108700A75B9A /* AppDelegate.h */,
				13B07FB01A68108700A75B9A /* AppDelegate.m */,
				13B07FB51A68108700A75B9A /* Images.xcassets */,
				13B07FB61A68108700A75B9A /* Info.plist */,
				13B07FB11A68108700A75B9A /* LaunchScreen.xib */,
				13B07FB71A68108700A75B9A /* main.m */,
			);
			name = Papyrus_60;
			sourceTree = "<group>";
		};
		2D16E6871FA4F8E400B85C8A /* Frameworks */ = {
			isa = PBXGroup;
			children = (
				ED297162215061F000B7C4FE /* JavaScriptCore.framework */,
				ED2971642150620600B7C4FE /* JavaScriptCore.framework */,
				94B6B2BC0B617F7A6ED79A4D /* libPods-Papyrus_60.a */,
				CD61631D36109EF0EBD1A3B5 /* libPods-Papyrus_60-tvOS.a */,
				79A264A1C30E39142224CD6F /* libPods-Papyrus_60-tvOSTests.a */,
				48F6F3C8D3293B054BA519B8 /* libPods-Papyrus_60Tests.a */,
			);
			name = Frameworks;
			sourceTree = "<group>";
		};
		832341AE1AAA6A7D00B99B32 /* Libraries */ = {
			isa = PBXGroup;
			children = (
			);
			name = Libraries;
			sourceTree = "<group>";
		};
		83CBB9F61A601CBA00E9B192 = {
			isa = PBXGroup;
			children = (
				13B07FAE1A68108700A75B9A /* Papyrus_60 */,
				832341AE1AAA6A7D00B99B32 /* Libraries */,
				00E356EF1AD99517003FC87E /* Papyrus_60Tests */,
				83CBBA001A601CBA00E9B192 /* Products */,
				2D16E6871FA4F8E400B85C8A /* Frameworks */,
				A0B985ACFC8D9008C7E3EC32 /* Pods */,
				E81E5CAB584E4C268EE65FCA /* Resources */,
			);
			indentWidth = 2;
			sourceTree = "<group>";
			tabWidth = 2;
			usesTabs = 0;
		};
		83CBBA001A601CBA00E9B192 /* Products */ = {
			isa = PBXGroup;
			children = (
				13B07F961A680F5B00A75B9A /* Papyrus_60.app */,
				00E356EE1AD99517003FC87E /* Papyrus_60Tests.xctest */,
				2D02E47B1E0B4A5D006451C7 /* Papyrus_60-tvOS.app */,
				2D02E4901E0B4A5D006451C7 /* Papyrus_60-tvOSTests.xctest */,
			);
			name = Products;
			sourceTree = "<group>";
		};
		A0B985ACFC8D9008C7E3EC32 /* Pods */ = {
			isa = PBXGroup;
			children = (
				7074FF84E94FC8B8F0F61189 /* Pods-Papyrus_60.debug.xcconfig */,
				71E855EF2A18BFF7AB6060DE /* Pods-Papyrus_60.release.xcconfig */,
				245F0E6BADE09627E937397B /* Pods-Papyrus_60-tvOS.debug.xcconfig */,
				048DD103EEEE17D7805F6C21 /* Pods-Papyrus_60-tvOS.release.xcconfig */,
				1454757EC0E423F85B6F9C8D /* Pods-Papyrus_60-tvOSTests.debug.xcconfig */,
				1D3110FAC806724265018CA1 /* Pods-Papyrus_60-tvOSTests.release.xcconfig */,
				C22D08B10B0E753EAB7C4491 /* Pods-Papyrus_60Tests.debug.xcconfig */,
				7D26C701D60427DB2F5368F0 /* Pods-Papyrus_60Tests.release.xcconfig */,
			);
			name = Pods;
			path = Pods;
			sourceTree = "<group>";
		};
		E81E5CAB584E4C268EE65FCA /* Resources */ = {
			isa = "PBXGroup";
			children = (
				55D6ED146FCB44AD82ADABE3 /* AntDesign.ttf */,
				CCC4DDB009534F528F3D1CD4 /* Entypo.ttf */,
				1088FE1506CF4141B6DF5B3F /* EvilIcons.ttf */,
				E1C2AE67AB6944B28F8FCAC9 /* Feather.ttf */,
				D22D434B02B64F359E637E75 /* FontAwesome.ttf */,
				7202F09E8493433BAFDD5E74 /* FontAwesome5_Brands.ttf */,
				6B485812B06A49AFBBCD6C11 /* FontAwesome5_Regular.ttf */,
				9B7E07149A2B4B21AF9DC691 /* FontAwesome5_Solid.ttf */,
				366B620061274099BEC53797 /* Foundation.ttf */,
				ECCC52BB6F9C430391602F4D /* Ionicons.ttf */,
				EC4628DC988844B38051383C /* MaterialCommunityIcons.ttf */,
				C25350FE56A64D2DA6FB78AD /* MaterialIcons.ttf */,
				D8574C33C8064890A0AF67F5 /* Octicons.ttf */,
				29D28FCACAF84561AA7E19BF /* Roboto_medium.ttf */,
				06ADE66179F34D589B69CCDA /* Roboto.ttf */,
				7232027CD72740CFB476D10F /* rubicon-icon-font.ttf */,
				D40418D9E40B4409855AF644 /* SimpleLineIcons.ttf */,
				714E53CDB59C49FF8DBA7377 /* Zocial.ttf */,
				F1455D2DA5FE4DC5A8D9FFD4 /* Fontisto.ttf */,
				0465A5CD53F24713BC667E55 /* Fontisto.ttf */,
				249F2EC4E65A4912B8ADD437 /* fa-brands-400.ttf */,
				DDBCFDCD690A47FA9C550547 /* fa-regular-400.ttf */,
				C2F115508BAF429E888BD8D7 /* fa-solid-900.ttf */,
				941DA7B0EDCA4CF4A012C4F9 /* Proxima-Nova-Alt-Bold.otf */,
				BCE715FCDDE44D6A8AB070B3 /* Proxima-Nova-Alt-Light.otf */,
				234FE6BA58B14CE386C15DCB /* Proxima-Nova-Alt-Thin.otf */,
				54834567705F4EC88A3A315E /* Proxima-Nova-Black.otf */,
				FF2EACC994654F6EB4364737 /* Proxima-Nova-Bold.otf */,
				FCC50C0F8FDE4EA294482325 /* Proxima-Nova-Extrabold.otf */,
				DBACD440921F4FA589377B4C /* Montserrat-Regular.otf */,
				DA768C829FCD4B8AA03014B2 /* Proxima-Nova-Thin.otf */,
				C8ADC97A04B946D19694B67C /* Montserrat-Black.ttf */,
				E67819CE82EC4B9B80F758F2 /* Montserrat-BlackItalic.ttf */,
				049F9853F3594085ACB5EE18 /* Montserrat-Bold.ttf */,
				47A230742A7B478FABD98A1A /* Montserrat-BoldItalic.ttf */,
				3F56E8FB9B7641C9940A342D /* Montserrat-ExtraBold.ttf */,
				378C89FF94CE4EA6BA24B760 /* Montserrat-ExtraBoldItalic.ttf */,
				29187E3CC6074758AC5FDFFC /* Montserrat-ExtraLight.ttf */,
				A9D618C5026741A3A24DC10A /* Montserrat-ExtraLightItalic.ttf */,
				9E2E5D3D1285423C819A6E00 /* Montserrat-Italic.ttf */,
				DA6515758244497582BBE3A1 /* Montserrat-Light.ttf */,
				79D5CF6B50BE473BBBEB509E /* Montserrat-LightItalic.ttf */,
				0C6B48792C1B44B187607682 /* Montserrat-Medium.ttf */,
				8E5F00F9ED8444F39394276A /* Montserrat-MediumItalic.ttf */,
				588D2E3F6D8D4FDB9F34BF43 /* Montserrat-Regular.ttf */,
				3F27718112D142929D7DAC30 /* Montserrat-Bold.ttf */,
				499DFF2F8E11467AA3DC4202 /* Montserrat-SemiBoldItalic.ttf */,
				4E2ED7889602419DAA543FCB /* Montserrat-Thin.ttf */,
				8BB0D7749F3842DC9A6346D8 /* Montserrat-ThinItalic.ttf */,
				482AF9485CAA40A486E871E4 /* Montserrat-SemiBold.ttf */,
				54E5934D4C5E4CC2BBF49DA1 /* MilkMustacheBB-Bold.ttf */,
				1973E73C8EE942578BC8F8B2 /* MilkMustacheBB-Reg.ttf */,
				473253904E054B9CA9247EA1 /* Adamina-Regular.ttf */,
				8EF5AD672C2A4F5AB549DBE2 /* Andika-R.ttf */,
				EFAF46DBB33240F7BF7FD7D3 /* Benne-Regular.otf */,
				A3CD3856CAE24DC4931439D1 /* Caudex-Bold.ttf */,
				5535A3B3EFE943FFBD6E2347 /* Caudex-Regular.ttf */,
				EFCF86BF0E1E403E96E8BC84 /* HeadlandOne-Regular.ttf */,
				86745E0A54934B27A8A405E6 /* MarkaziText-Bold.ttf */,
				97B97338A6864102B409E69D /* MarkaziText-Medium.ttf */,
				FA0259D8834443D9A6B1F298 /* MarkaziText-Regular.ttf */,
				E7E678875DAD483C9B238D37 /* MarkaziText-SemiBold.ttf */,
				DC5AC8E5B9B140B6AC4AEAC4 /* Spectral-Bold.ttf */,
				C5798B6823014194ADDF1D1D /* Spectral-Medium.ttf */,
				A05718FDEEB14870BE234272 /* Spectral-Regular.ttf */,
				1E0DF036FA09440AAA8317C9 /* Spectral-SemiBold.ttf */,
			);
			name = Resources;
			sourceTree = "<group>";
			path = "";
		};
/* End PBXGroup section */

/* Begin PBXNativeTarget section */
		00E356ED1AD99517003FC87E /* Papyrus_60Tests */ = {
			isa = PBXNativeTarget;
			buildConfigurationList = 00E357021AD99517003FC87E /* Build configuration list for PBXNativeTarget "Papyrus_60Tests" */;
			buildPhases = (
				8FA63F7CEA0873EF67770D8F /* [CP] Check Pods Manifest.lock */,
				00E356EA1AD99517003FC87E /* Sources */,
				00E356EB1AD99517003FC87E /* Frameworks */,
				00E356EC1AD99517003FC87E /* Resources */,
			);
			buildRules = (
			);
			dependencies = (
				00E356F51AD99517003FC87E /* PBXTargetDependency */,
			);
			name = Papyrus_60Tests;
			productName = Papyrus_60Tests;
			productReference = 00E356EE1AD99517003FC87E /* Papyrus_60Tests.xctest */;
			productType = "com.apple.product-type.bundle.unit-test";
		};
		13B07F861A680F5B00A75B9A /* Papyrus_60 */ = {
			isa = PBXNativeTarget;
			buildConfigurationList = 13B07F931A680F5B00A75B9A /* Build configuration list for PBXNativeTarget "Papyrus_60" */;
			buildPhases = (
				F9B9F1F8FB3BAF5310809399 /* [CP] Check Pods Manifest.lock */,
				FD10A7F022414F080027D42C /* Start Packager */,
				13B07F871A680F5B00A75B9A /* Sources */,
				13B07F8C1A680F5B00A75B9A /* Frameworks */,
				13B07F8E1A680F5B00A75B9A /* Resources */,
				00DD1BFF1BD5951E006B06BC /* Bundle React Native code and images */,
			);
			buildRules = (
			);
			dependencies = (
			);
			name = Papyrus_60;
			productName = Papyrus_60;
			productReference = 13B07F961A680F5B00A75B9A /* Papyrus_60.app */;
			productType = "com.apple.product-type.application";
		};
		2D02E47A1E0B4A5D006451C7 /* Papyrus_60-tvOS */ = {
			isa = PBXNativeTarget;
			buildConfigurationList = 2D02E4BA1E0B4A5E006451C7 /* Build configuration list for PBXNativeTarget "Papyrus_60-tvOS" */;
			buildPhases = (
				F68B38845ACEC4751B923608 /* [CP] Check Pods Manifest.lock */,
				FD10A7F122414F3F0027D42C /* Start Packager */,
				2D02E4771E0B4A5D006451C7 /* Sources */,
				2D02E4781E0B4A5D006451C7 /* Frameworks */,
				2D02E4791E0B4A5D006451C7 /* Resources */,
				2D02E4CB1E0B4B27006451C7 /* Bundle React Native Code And Images */,
			);
			buildRules = (
			);
			dependencies = (
			);
			name = "Papyrus_60-tvOS";
			productName = "Papyrus_60-tvOS";
			productReference = 2D02E47B1E0B4A5D006451C7 /* Papyrus_60-tvOS.app */;
			productType = "com.apple.product-type.application";
		};
		2D02E48F1E0B4A5D006451C7 /* Papyrus_60-tvOSTests */ = {
			isa = PBXNativeTarget;
			buildConfigurationList = 2D02E4BB1E0B4A5E006451C7 /* Build configuration list for PBXNativeTarget "Papyrus_60-tvOSTests" */;
			buildPhases = (
				B03A90277A07F2D6AFC0102E /* [CP] Check Pods Manifest.lock */,
				2D02E48C1E0B4A5D006451C7 /* Sources */,
				2D02E48D1E0B4A5D006451C7 /* Frameworks */,
				2D02E48E1E0B4A5D006451C7 /* Resources */,
			);
			buildRules = (
			);
			dependencies = (
				2D02E4921E0B4A5D006451C7 /* PBXTargetDependency */,
			);
			name = "Papyrus_60-tvOSTests";
			productName = "Papyrus_60-tvOSTests";
			productReference = 2D02E4901E0B4A5D006451C7 /* Papyrus_60-tvOSTests.xctest */;
			productType = "com.apple.product-type.bundle.unit-test";
		};
/* End PBXNativeTarget section */

/* Begin PBXProject section */
		83CBB9F71A601CBA00E9B192 /* Project object */ = {
			isa = PBXProject;
			attributes = {
				LastUpgradeCheck = 940;
				ORGANIZATIONNAME = Facebook;
				TargetAttributes = {
					00E356ED1AD99517003FC87E = {
						CreatedOnToolsVersion = 6.2;
						TestTargetID = 13B07F861A680F5B00A75B9A;
					};
					2D02E47A1E0B4A5D006451C7 = {
						CreatedOnToolsVersion = 8.2.1;
						ProvisioningStyle = Automatic;
					};
					2D02E48F1E0B4A5D006451C7 = {
						CreatedOnToolsVersion = 8.2.1;
						ProvisioningStyle = Automatic;
						TestTargetID = 2D02E47A1E0B4A5D006451C7;
					};
				};
			};
			buildConfigurationList = 83CBB9FA1A601CBA00E9B192 /* Build configuration list for PBXProject "Papyrus_60" */;
			compatibilityVersion = "Xcode 3.2";
			developmentRegion = English;
			hasScannedForEncodings = 0;
			knownRegions = (
				en,
				Base,
			);
			mainGroup = 83CBB9F61A601CBA00E9B192;
			productRefGroup = 83CBBA001A601CBA00E9B192 /* Products */;
			projectDirPath = "";
			projectRoot = "";
			targets = (
				13B07F861A680F5B00A75B9A /* Papyrus_60 */,
				00E356ED1AD99517003FC87E /* Papyrus_60Tests */,
				2D02E47A1E0B4A5D006451C7 /* Papyrus_60-tvOS */,
				2D02E48F1E0B4A5D006451C7 /* Papyrus_60-tvOSTests */,
			);
		};
/* End PBXProject section */

/* Begin PBXResourcesBuildPhase section */
		00E356EC1AD99517003FC87E /* Resources */ = {
			isa = PBXResourcesBuildPhase;
			buildActionMask = 2147483647;
			files = (
			);
			runOnlyForDeploymentPostprocessing = 0;
		};
		13B07F8E1A680F5B00A75B9A /* Resources */ = {
			isa = PBXResourcesBuildPhase;
			buildActionMask = 2147483647;
			files = (
				13B07FBF1A68108700A75B9A /* Images.xcassets in Resources */,
				13B07FBD1A68108700A75B9A /* LaunchScreen.xib in Resources */,
				D3A24D559E4E4877BA0097EE /* AntDesign.ttf in Resources */,
				6B258F621B384157A44974F3 /* Entypo.ttf in Resources */,
				083213C89599437ABB6E1530 /* EvilIcons.ttf in Resources */,
				7B046E6FABCD4340B30D6ABF /* Feather.ttf in Resources */,
				6AE785B2B2D049F5B10F5ACD /* FontAwesome.ttf in Resources */,
				A539C3B9DF0C43B3A0FFA155 /* FontAwesome5_Brands.ttf in Resources */,
				42540E56F6ED4C1A9A9C191B /* FontAwesome5_Regular.ttf in Resources */,
				602B2426560B47808BAF6B0A /* FontAwesome5_Solid.ttf in Resources */,
				59F89767189E4CF0B2D70769 /* Foundation.ttf in Resources */,
				7EB1DAA1AAAC456693338E71 /* Ionicons.ttf in Resources */,
				AF2BB4AA37574A80A38D6302 /* MaterialCommunityIcons.ttf in Resources */,
				45BB9C30373D4F308DAC78F6 /* MaterialIcons.ttf in Resources */,
				A001FCA0CE034A3B897611BF /* Octicons.ttf in Resources */,
				3BCBE71A96D6441D8F240D52 /* Roboto_medium.ttf in Resources */,
				950C042FC984451F956C9D8E /* Roboto.ttf in Resources */,
				685FF04A26594CE980B82041 /* rubicon-icon-font.ttf in Resources */,
				AAFADB6C03C24D758F721CB2 /* SimpleLineIcons.ttf in Resources */,
				BD22868592A04B2787F100AC /* Zocial.ttf in Resources */,
				BCC93370F0DB459EB2FE90AE /* Fontisto.ttf in Resources */,
				9012156F73EB4E749247CFA6 /* Fontisto.ttf in Resources */,
				EBB1A8C1DFBD48D1B4ADD971 /* fa-brands-400.ttf in Resources */,
				DC4622BBAF9D4CC299AB5D35 /* fa-regular-400.ttf in Resources */,
				DDE0252BF3504848B2404231 /* fa-solid-900.ttf in Resources */,
				7077B0D5B36448909A68D93B /* Proxima-Nova-Alt-Bold.otf in Resources */,
				00CE9483C4A040249B37AA91 /* Proxima-Nova-Alt-Light.otf in Resources */,
				5732B080B0554910B38EF39D /* Proxima-Nova-Alt-Thin.otf in Resources */,
				C31EC43245534A05B41457F9 /* Proxima-Nova-Black.otf in Resources */,
				EF21690F359443D3A1F079B6 /* Proxima-Nova-Bold.otf in Resources */,
				82AC43B425184EFF84421CE2 /* Proxima-Nova-Extrabold.otf in Resources */,
				CD27C61A73B04FC9B56B70E8 /* Montserrat-Regular.otf in Resources */,
				58039106736840BABAAE39E8 /* Proxima-Nova-Thin.otf in Resources */,
				CFC2026B72BE47568557223D /* Montserrat-Black.ttf in Resources */,
				4CD09A35F2BD41B995689780 /* Montserrat-BlackItalic.ttf in Resources */,
				99D23DAAFC4B48D6A68E2C6B /* Montserrat-Bold.ttf in Resources */,
				826DB2417CC1446A8A30C52E /* Montserrat-BoldItalic.ttf in Resources */,
				D0B64632697340C8A9A0AE18 /* Montserrat-ExtraBold.ttf in Resources */,
				23D86215E26D48D7B8A37F59 /* Montserrat-ExtraBoldItalic.ttf in Resources */,
				2F08F319E5AA466AAD04E814 /* Montserrat-ExtraLight.ttf in Resources */,
				9235443896154C4C918F3EB3 /* Montserrat-ExtraLightItalic.ttf in Resources */,
				7DE38CE845E2476A98DD5B42 /* Montserrat-Italic.ttf in Resources */,
				FE688C26D53C4E538624C4D5 /* Montserrat-Light.ttf in Resources */,
				39316F5186134A8FBC1E3BD9 /* Montserrat-LightItalic.ttf in Resources */,
				ED17C87075584D81A0F7EBC1 /* Montserrat-Medium.ttf in Resources */,
				94F6F0AF4E9E4A259C253CC5 /* Montserrat-MediumItalic.ttf in Resources */,
				02FBA9F30AA14C7ABD688727 /* Montserrat-Regular.ttf in Resources */,
				EF76A5440A6243F4B72BC1D7 /* Montserrat-Bold.ttf in Resources */,
				845D652CA3AA464F898D9C10 /* Montserrat-SemiBoldItalic.ttf in Resources */,
				E12633712A5C487C8D899074 /* Montserrat-Thin.ttf in Resources */,
				663546DEC519460785F518FE /* Montserrat-ThinItalic.ttf in Resources */,
				B948BEC121DD4D59837C621A /* Montserrat-SemiBold.ttf in Resources */,
				5DF6D6AB82634FF6A5B3FB90 /* MilkMustacheBB-Bold.ttf in Resources */,
				5BA8E93B3E8C48739EB2658A /* MilkMustacheBB-Reg.ttf in Resources */,
				130C56552DDB455EA5D622BF /* Adamina-Regular.ttf in Resources */,
				CB8491704F3A492FB4009E5E /* Andika-R.ttf in Resources */,
				BD2188704E8C442BB59AF7A5 /* Benne-Regular.otf in Resources */,
				BF38E9AB77024DEBABF28726 /* Caudex-Bold.ttf in Resources */,
				EEC578DEE17D428E9D46BAEC /* Caudex-Regular.ttf in Resources */,
				7A6A086DCB92486898C6BABB /* HeadlandOne-Regular.ttf in Resources */,
				5116B0755E3D46B0B3C12B47 /* MarkaziText-Bold.ttf in Resources */,
				F2A57468F01A4D1183805E58 /* MarkaziText-Medium.ttf in Resources */,
				E50376240D7A4338B3D4A716 /* MarkaziText-Regular.ttf in Resources */,
				95E4D3B9AE294EC9916796E8 /* MarkaziText-SemiBold.ttf in Resources */,
				D7241B0EC6F2442DA357BBF9 /* Spectral-Bold.ttf in Resources */,
				EC476FC5730547FBAAB14344 /* Spectral-Medium.ttf in Resources */,
				E9E48DCAF1704FA5B860B23F /* Spectral-Regular.ttf in Resources */,
				5AE1C769BD8640D9A673C463 /* Spectral-SemiBold.ttf in Resources */,
			);
			runOnlyForDeploymentPostprocessing = 0;
		};
		2D02E4791E0B4A5D006451C7 /* Resources */ = {
			isa = PBXResourcesBuildPhase;
			buildActionMask = 2147483647;
			files = (
				2D02E4BD1E0B4A84006451C7 /* Images.xcassets in Resources */,
			);
			runOnlyForDeploymentPostprocessing = 0;
		};
		2D02E48E1E0B4A5D006451C7 /* Resources */ = {
			isa = PBXResourcesBuildPhase;
			buildActionMask = 2147483647;
			files = (
			);
			runOnlyForDeploymentPostprocessing = 0;
		};
/* End PBXResourcesBuildPhase section */

/* Begin PBXShellScriptBuildPhase section */
		00DD1BFF1BD5951E006B06BC /* Bundle React Native code and images */ = {
			isa = PBXShellScriptBuildPhase;
			buildActionMask = 2147483647;
			files = (
			);
			inputPaths = (
			);
			name = "Bundle React Native code and images";
			outputPaths = (
			);
			runOnlyForDeploymentPostprocessing = 0;
			shellPath = /bin/sh;
			shellScript = "export NODE_BINARY=node\n../node_modules/react-native/scripts/react-native-xcode.sh";
		};
		2D02E4CB1E0B4B27006451C7 /* Bundle React Native Code And Images */ = {
			isa = PBXShellScriptBuildPhase;
			buildActionMask = 2147483647;
			files = (
			);
			inputPaths = (
			);
			name = "Bundle React Native Code And Images";
			outputPaths = (
			);
			runOnlyForDeploymentPostprocessing = 0;
			shellPath = /bin/sh;
			shellScript = "export NODE_BINARY=node\n../node_modules/react-native/scripts/react-native-xcode.sh";
		};
		8FA63F7CEA0873EF67770D8F /* [CP] Check Pods Manifest.lock */ = {
			isa = PBXShellScriptBuildPhase;
			buildActionMask = 2147483647;
			files = (
			);
			inputFileListPaths = (
			);
			inputPaths = (
				"${PODS_PODFILE_DIR_PATH}/Podfile.lock",
				"${PODS_ROOT}/Manifest.lock",
			);
			name = "[CP] Check Pods Manifest.lock";
			outputFileListPaths = (
			);
			outputPaths = (
				"$(DERIVED_FILE_DIR)/Pods-Papyrus_60Tests-checkManifestLockResult.txt",
			);
			runOnlyForDeploymentPostprocessing = 0;
			shellPath = /bin/sh;
			shellScript = "diff \"${PODS_PODFILE_DIR_PATH}/Podfile.lock\" \"${PODS_ROOT}/Manifest.lock\" > /dev/null\nif [ $? != 0 ] ; then\n    # print error to STDERR\n    echo \"error: The sandbox is not in sync with the Podfile.lock. Run 'pod install' or update your CocoaPods installation.\" >&2\n    exit 1\nfi\n# This output is used by Xcode 'outputs' to avoid re-running this script phase.\necho \"SUCCESS\" > \"${SCRIPT_OUTPUT_FILE_0}\"\n";
			showEnvVarsInLog = 0;
		};
		B03A90277A07F2D6AFC0102E /* [CP] Check Pods Manifest.lock */ = {
			isa = PBXShellScriptBuildPhase;
			buildActionMask = 2147483647;
			files = (
			);
			inputFileListPaths = (
			);
			inputPaths = (
				"${PODS_PODFILE_DIR_PATH}/Podfile.lock",
				"${PODS_ROOT}/Manifest.lock",
			);
			name = "[CP] Check Pods Manifest.lock";
			outputFileListPaths = (
			);
			outputPaths = (
				"$(DERIVED_FILE_DIR)/Pods-Papyrus_60-tvOSTests-checkManifestLockResult.txt",
			);
			runOnlyForDeploymentPostprocessing = 0;
			shellPath = /bin/sh;
			shellScript = "diff \"${PODS_PODFILE_DIR_PATH}/Podfile.lock\" \"${PODS_ROOT}/Manifest.lock\" > /dev/null\nif [ $? != 0 ] ; then\n    # print error to STDERR\n    echo \"error: The sandbox is not in sync with the Podfile.lock. Run 'pod install' or update your CocoaPods installation.\" >&2\n    exit 1\nfi\n# This output is used by Xcode 'outputs' to avoid re-running this script phase.\necho \"SUCCESS\" > \"${SCRIPT_OUTPUT_FILE_0}\"\n";
			showEnvVarsInLog = 0;
		};
		F68B38845ACEC4751B923608 /* [CP] Check Pods Manifest.lock */ = {
			isa = PBXShellScriptBuildPhase;
			buildActionMask = 2147483647;
			files = (
			);
			inputFileListPaths = (
			);
			inputPaths = (
				"${PODS_PODFILE_DIR_PATH}/Podfile.lock",
				"${PODS_ROOT}/Manifest.lock",
			);
			name = "[CP] Check Pods Manifest.lock";
			outputFileListPaths = (
			);
			outputPaths = (
				"$(DERIVED_FILE_DIR)/Pods-Papyrus_60-tvOS-checkManifestLockResult.txt",
			);
			runOnlyForDeploymentPostprocessing = 0;
			shellPath = /bin/sh;
			shellScript = "diff \"${PODS_PODFILE_DIR_PATH}/Podfile.lock\" \"${PODS_ROOT}/Manifest.lock\" > /dev/null\nif [ $? != 0 ] ; then\n    # print error to STDERR\n    echo \"error: The sandbox is not in sync with the Podfile.lock. Run 'pod install' or update your CocoaPods installation.\" >&2\n    exit 1\nfi\n# This output is used by Xcode 'outputs' to avoid re-running this script phase.\necho \"SUCCESS\" > \"${SCRIPT_OUTPUT_FILE_0}\"\n";
			showEnvVarsInLog = 0;
		};
		F9B9F1F8FB3BAF5310809399 /* [CP] Check Pods Manifest.lock */ = {
			isa = PBXShellScriptBuildPhase;
			buildActionMask = 2147483647;
			files = (
			);
			inputFileListPaths = (
			);
			inputPaths = (
				"${PODS_PODFILE_DIR_PATH}/Podfile.lock",
				"${PODS_ROOT}/Manifest.lock",
			);
			name = "[CP] Check Pods Manifest.lock";
			outputFileListPaths = (
			);
			outputPaths = (
				"$(DERIVED_FILE_DIR)/Pods-Papyrus_60-checkManifestLockResult.txt",
			);
			runOnlyForDeploymentPostprocessing = 0;
			shellPath = /bin/sh;
			shellScript = "diff \"${PODS_PODFILE_DIR_PATH}/Podfile.lock\" \"${PODS_ROOT}/Manifest.lock\" > /dev/null\nif [ $? != 0 ] ; then\n    # print error to STDERR\n    echo \"error: The sandbox is not in sync with the Podfile.lock. Run 'pod install' or update your CocoaPods installation.\" >&2\n    exit 1\nfi\n# This output is used by Xcode 'outputs' to avoid re-running this script phase.\necho \"SUCCESS\" > \"${SCRIPT_OUTPUT_FILE_0}\"\n";
			showEnvVarsInLog = 0;
		};
		FD10A7F022414F080027D42C /* Start Packager */ = {
			isa = PBXShellScriptBuildPhase;
			buildActionMask = 2147483647;
			files = (
			);
			inputFileListPaths = (
			);
			inputPaths = (
			);
			name = "Start Packager";
			outputFileListPaths = (
			);
			outputPaths = (
			);
			runOnlyForDeploymentPostprocessing = 0;
			shellPath = /bin/sh;
			shellScript = "export RCT_METRO_PORT=\"${RCT_METRO_PORT:=8081}\"\necho \"export RCT_METRO_PORT=${RCT_METRO_PORT}\" > \"${SRCROOT}/../node_modules/react-native/scripts/.packager.env\"\nif [ -z \"${RCT_NO_LAUNCH_PACKAGER+xxx}\" ] ; then\n  if nc -w 5 -z localhost ${RCT_METRO_PORT} ; then\n    if ! curl -s \"http://localhost:${RCT_METRO_PORT}/status\" | grep -q \"packager-status:running\" ; then\n      echo \"Port ${RCT_METRO_PORT} already in use, packager is either not running or not running correctly\"\n      exit 2\n    fi\n  else\n    open \"$SRCROOT/../node_modules/react-native/scripts/launchPackager.command\" || echo \"Can't start packager automatically\"\n  fi\nfi\n";
			showEnvVarsInLog = 0;
		};
		FD10A7F122414F3F0027D42C /* Start Packager */ = {
			isa = PBXShellScriptBuildPhase;
			buildActionMask = 2147483647;
			files = (
			);
			inputFileListPaths = (
			);
			inputPaths = (
			);
			name = "Start Packager";
			outputFileListPaths = (
			);
			outputPaths = (
			);
			runOnlyForDeploymentPostprocessing = 0;
			shellPath = /bin/sh;
			shellScript = "export RCT_METRO_PORT=\"${RCT_METRO_PORT:=8081}\"\necho \"export RCT_METRO_PORT=${RCT_METRO_PORT}\" > \"${SRCROOT}/../node_modules/react-native/scripts/.packager.env\"\nif [ -z \"${RCT_NO_LAUNCH_PACKAGER+xxx}\" ] ; then\n  if nc -w 5 -z localhost ${RCT_METRO_PORT} ; then\n    if ! curl -s \"http://localhost:${RCT_METRO_PORT}/status\" | grep -q \"packager-status:running\" ; then\n      echo \"Port ${RCT_METRO_PORT} already in use, packager is either not running or not running correctly\"\n      exit 2\n    fi\n  else\n    open \"$SRCROOT/../node_modules/react-native/scripts/launchPackager.command\" || echo \"Can't start packager automatically\"\n  fi\nfi\n";
			showEnvVarsInLog = 0;
		};
/* End PBXShellScriptBuildPhase section */

/* Begin PBXSourcesBuildPhase section */
		00E356EA1AD99517003FC87E /* Sources */ = {
			isa = PBXSourcesBuildPhase;
			buildActionMask = 2147483647;
			files = (
				00E356F31AD99517003FC87E /* Papyrus_60Tests.m in Sources */,
			);
			runOnlyForDeploymentPostprocessing = 0;
		};
		13B07F871A680F5B00A75B9A /* Sources */ = {
			isa = PBXSourcesBuildPhase;
			buildActionMask = 2147483647;
			files = (
				13B07FBC1A68108700A75B9A /* AppDelegate.m in Sources */,
				13B07FC11A68108700A75B9A /* main.m in Sources */,
			);
			runOnlyForDeploymentPostprocessing = 0;
		};
		2D02E4771E0B4A5D006451C7 /* Sources */ = {
			isa = PBXSourcesBuildPhase;
			buildActionMask = 2147483647;
			files = (
				2D02E4BF1E0B4AB3006451C7 /* main.m in Sources */,
				2D02E4BC1E0B4A80006451C7 /* AppDelegate.m in Sources */,
			);
			runOnlyForDeploymentPostprocessing = 0;
		};
		2D02E48C1E0B4A5D006451C7 /* Sources */ = {
			isa = PBXSourcesBuildPhase;
			buildActionMask = 2147483647;
			files = (
				2DCD954D1E0B4F2C00145EB5 /* Papyrus_60Tests.m in Sources */,
			);
			runOnlyForDeploymentPostprocessing = 0;
		};
/* End PBXSourcesBuildPhase section */

/* Begin PBXTargetDependency section */
		00E356F51AD99517003FC87E /* PBXTargetDependency */ = {
			isa = PBXTargetDependency;
			target = 13B07F861A680F5B00A75B9A /* Papyrus_60 */;
			targetProxy = 00E356F41AD99517003FC87E /* PBXContainerItemProxy */;
		};
		2D02E4921E0B4A5D006451C7 /* PBXTargetDependency */ = {
			isa = PBXTargetDependency;
			target = 2D02E47A1E0B4A5D006451C7 /* Papyrus_60-tvOS */;
			targetProxy = 2D02E4911E0B4A5D006451C7 /* PBXContainerItemProxy */;
		};
/* End PBXTargetDependency section */

/* Begin PBXVariantGroup section */
		13B07FB11A68108700A75B9A /* LaunchScreen.xib */ = {
			isa = PBXVariantGroup;
			children = (
				13B07FB21A68108700A75B9A /* Base */,
			);
			name = LaunchScreen.xib;
			path = Papyrus_60;
			sourceTree = "<group>";
		};
/* End PBXVariantGroup section */

/* Begin XCBuildConfiguration section */
		00E356F61AD99517003FC87E /* Debug */ = {
			isa = XCBuildConfiguration;
			baseConfigurationReference = C22D08B10B0E753EAB7C4491 /* Pods-Papyrus_60Tests.debug.xcconfig */;
			buildSettings = {
				BUNDLE_LOADER = "$(TEST_HOST)";
				GCC_PREPROCESSOR_DEFINITIONS = (
					"DEBUG=1",
					"$(inherited)",
				);
				INFOPLIST_FILE = Papyrus_60Tests/Info.plist;
				IPHONEOS_DEPLOYMENT_TARGET = 9.0;
				LD_RUNPATH_SEARCH_PATHS = "$(inherited) @executable_path/Frameworks @loader_path/Frameworks";
				OTHER_LDFLAGS = (
					"-ObjC",
					"-lc++",
					"$(inherited)",
				);
				PRODUCT_BUNDLE_IDENTIFIER = "org.reactjs.native.example.$(PRODUCT_NAME:rfc1034identifier)";
				PRODUCT_NAME = "$(TARGET_NAME)";
				TEST_HOST = "$(BUILT_PRODUCTS_DIR)/Papyrus_60.app/Papyrus_60";
			};
			name = Debug;
		};
		00E356F71AD99517003FC87E /* Release */ = {
			isa = XCBuildConfiguration;
			baseConfigurationReference = 7D26C701D60427DB2F5368F0 /* Pods-Papyrus_60Tests.release.xcconfig */;
			buildSettings = {
				BUNDLE_LOADER = "$(TEST_HOST)";
				COPY_PHASE_STRIP = NO;
				INFOPLIST_FILE = Papyrus_60Tests/Info.plist;
				IPHONEOS_DEPLOYMENT_TARGET = 9.0;
				LD_RUNPATH_SEARCH_PATHS = "$(inherited) @executable_path/Frameworks @loader_path/Frameworks";
				OTHER_LDFLAGS = (
					"-ObjC",
					"-lc++",
					"$(inherited)",
				);
				PRODUCT_BUNDLE_IDENTIFIER = "org.reactjs.native.example.$(PRODUCT_NAME:rfc1034identifier)";
				PRODUCT_NAME = "$(TARGET_NAME)";
				TEST_HOST = "$(BUILT_PRODUCTS_DIR)/Papyrus_60.app/Papyrus_60";
			};
			name = Release;
		};
		13B07F941A680F5B00A75B9A /* Debug */ = {
			isa = XCBuildConfiguration;
			baseConfigurationReference = 7074FF84E94FC8B8F0F61189 /* Pods-Papyrus_60.debug.xcconfig */;
			buildSettings = {
				ASSETCATALOG_COMPILER_APPICON_NAME = AppIcon;
				CURRENT_PROJECT_VERSION = 1;
				DEAD_CODE_STRIPPING = NO;
				INFOPLIST_FILE = Papyrus_60/Info.plist;
				LD_RUNPATH_SEARCH_PATHS = "$(inherited) @executable_path/Frameworks";
				OTHER_LDFLAGS = (
					"$(inherited)",
					"-ObjC",
					"-lc++",
				);
				PRODUCT_BUNDLE_IDENTIFIER = "org.reactjs.native.example.$(PRODUCT_NAME:rfc1034identifier)";
				PRODUCT_NAME = Papyrus_60;
				VERSIONING_SYSTEM = "apple-generic";
			};
			name = Debug;
		};
		13B07F951A680F5B00A75B9A /* Release */ = {
			isa = XCBuildConfiguration;
			baseConfigurationReference = 71E855EF2A18BFF7AB6060DE /* Pods-Papyrus_60.release.xcconfig */;
			buildSettings = {
				ASSETCATALOG_COMPILER_APPICON_NAME = AppIcon;
				CURRENT_PROJECT_VERSION = 1;
				INFOPLIST_FILE = Papyrus_60/Info.plist;
				LD_RUNPATH_SEARCH_PATHS = "$(inherited) @executable_path/Frameworks";
				OTHER_LDFLAGS = (
					"$(inherited)",
					"-ObjC",
					"-lc++",
				);
				PRODUCT_BUNDLE_IDENTIFIER = "org.reactjs.native.example.$(PRODUCT_NAME:rfc1034identifier)";
				PRODUCT_NAME = Papyrus_60;
				VERSIONING_SYSTEM = "apple-generic";
			};
			name = Release;
		};
		2D02E4971E0B4A5E006451C7 /* Debug */ = {
			isa = XCBuildConfiguration;
			baseConfigurationReference = 245F0E6BADE09627E937397B /* Pods-Papyrus_60-tvOS.debug.xcconfig */;
			buildSettings = {
				ASSETCATALOG_COMPILER_APPICON_NAME = "App Icon & Top Shelf Image";
				ASSETCATALOG_COMPILER_LAUNCHIMAGE_NAME = LaunchImage;
				CLANG_ANALYZER_NONNULL = YES;
				CLANG_WARN_DOCUMENTATION_COMMENTS = YES;
				CLANG_WARN_INFINITE_RECURSION = YES;
				CLANG_WARN_SUSPICIOUS_MOVE = YES;
				DEBUG_INFORMATION_FORMAT = dwarf;
				ENABLE_TESTABILITY = YES;
				GCC_NO_COMMON_BLOCKS = YES;
				INFOPLIST_FILE = "Papyrus_60-tvOS/Info.plist";
				LD_RUNPATH_SEARCH_PATHS = "$(inherited) @executable_path/Frameworks";
				OTHER_LDFLAGS = (
					"$(inherited)",
					"-ObjC",
					"-lc++",
				);
				PRODUCT_BUNDLE_IDENTIFIER = "com.facebook.REACT.Papyrus_60-tvOS";
				PRODUCT_NAME = "$(TARGET_NAME)";
				SDKROOT = appletvos;
				TARGETED_DEVICE_FAMILY = 3;
				TVOS_DEPLOYMENT_TARGET = 9.2;
			};
			name = Debug;
		};
		2D02E4981E0B4A5E006451C7 /* Release */ = {
			isa = XCBuildConfiguration;
			baseConfigurationReference = 048DD103EEEE17D7805F6C21 /* Pods-Papyrus_60-tvOS.release.xcconfig */;
			buildSettings = {
				ASSETCATALOG_COMPILER_APPICON_NAME = "App Icon & Top Shelf Image";
				ASSETCATALOG_COMPILER_LAUNCHIMAGE_NAME = LaunchImage;
				CLANG_ANALYZER_NONNULL = YES;
				CLANG_WARN_DOCUMENTATION_COMMENTS = YES;
				CLANG_WARN_INFINITE_RECURSION = YES;
				CLANG_WARN_SUSPICIOUS_MOVE = YES;
				COPY_PHASE_STRIP = NO;
				DEBUG_INFORMATION_FORMAT = "dwarf-with-dsym";
				GCC_NO_COMMON_BLOCKS = YES;
				INFOPLIST_FILE = "Papyrus_60-tvOS/Info.plist";
				LD_RUNPATH_SEARCH_PATHS = "$(inherited) @executable_path/Frameworks";
				OTHER_LDFLAGS = (
					"$(inherited)",
					"-ObjC",
					"-lc++",
				);
				PRODUCT_BUNDLE_IDENTIFIER = "com.facebook.REACT.Papyrus_60-tvOS";
				PRODUCT_NAME = "$(TARGET_NAME)";
				SDKROOT = appletvos;
				TARGETED_DEVICE_FAMILY = 3;
				TVOS_DEPLOYMENT_TARGET = 9.2;
			};
			name = Release;
		};
		2D02E4991E0B4A5E006451C7 /* Debug */ = {
			isa = XCBuildConfiguration;
			baseConfigurationReference = 1454757EC0E423F85B6F9C8D /* Pods-Papyrus_60-tvOSTests.debug.xcconfig */;
			buildSettings = {
				BUNDLE_LOADER = "$(TEST_HOST)";
				CLANG_ANALYZER_NONNULL = YES;
				CLANG_WARN_DOCUMENTATION_COMMENTS = YES;
				CLANG_WARN_INFINITE_RECURSION = YES;
				CLANG_WARN_SUSPICIOUS_MOVE = YES;
				DEBUG_INFORMATION_FORMAT = dwarf;
				ENABLE_TESTABILITY = YES;
				GCC_NO_COMMON_BLOCKS = YES;
				INFOPLIST_FILE = "Papyrus_60-tvOSTests/Info.plist";
				LD_RUNPATH_SEARCH_PATHS = "$(inherited) @executable_path/Frameworks @loader_path/Frameworks";
				OTHER_LDFLAGS = (
					"$(inherited)",
					"-ObjC",
					"-lc++",
				);
				PRODUCT_BUNDLE_IDENTIFIER = "com.facebook.REACT.Papyrus_60-tvOSTests";
				PRODUCT_NAME = "$(TARGET_NAME)";
				SDKROOT = appletvos;
				TEST_HOST = "$(BUILT_PRODUCTS_DIR)/Papyrus_60-tvOS.app/Papyrus_60-tvOS";
				TVOS_DEPLOYMENT_TARGET = 10.1;
			};
			name = Debug;
		};
		2D02E49A1E0B4A5E006451C7 /* Release */ = {
			isa = XCBuildConfiguration;
			baseConfigurationReference = 1D3110FAC806724265018CA1 /* Pods-Papyrus_60-tvOSTests.release.xcconfig */;
			buildSettings = {
				BUNDLE_LOADER = "$(TEST_HOST)";
				CLANG_ANALYZER_NONNULL = YES;
				CLANG_WARN_DOCUMENTATION_COMMENTS = YES;
				CLANG_WARN_INFINITE_RECURSION = YES;
				CLANG_WARN_SUSPICIOUS_MOVE = YES;
				COPY_PHASE_STRIP = NO;
				DEBUG_INFORMATION_FORMAT = "dwarf-with-dsym";
				GCC_NO_COMMON_BLOCKS = YES;
				INFOPLIST_FILE = "Papyrus_60-tvOSTests/Info.plist";
				LD_RUNPATH_SEARCH_PATHS = "$(inherited) @executable_path/Frameworks @loader_path/Frameworks";
				OTHER_LDFLAGS = (
					"$(inherited)",
					"-ObjC",
					"-lc++",
				);
				PRODUCT_BUNDLE_IDENTIFIER = "com.facebook.REACT.Papyrus_60-tvOSTests";
				PRODUCT_NAME = "$(TARGET_NAME)";
				SDKROOT = appletvos;
				TEST_HOST = "$(BUILT_PRODUCTS_DIR)/Papyrus_60-tvOS.app/Papyrus_60-tvOS";
				TVOS_DEPLOYMENT_TARGET = 10.1;
			};
			name = Release;
		};
		83CBBA201A601CBA00E9B192 /* Debug */ = {
			isa = XCBuildConfiguration;
			buildSettings = {
				ALWAYS_SEARCH_USER_PATHS = NO;
				CLANG_CXX_LANGUAGE_STANDARD = "gnu++0x";
				CLANG_CXX_LIBRARY = "libc++";
				CLANG_ENABLE_MODULES = YES;
				CLANG_ENABLE_OBJC_ARC = YES;
				CLANG_WARN_BLOCK_CAPTURE_AUTORELEASING = YES;
				CLANG_WARN_BOOL_CONVERSION = YES;
				CLANG_WARN_COMMA = YES;
				CLANG_WARN_CONSTANT_CONVERSION = YES;
				CLANG_WARN_DEPRECATED_OBJC_IMPLEMENTATIONS = YES;
				CLANG_WARN_DIRECT_OBJC_ISA_USAGE = YES_ERROR;
				CLANG_WARN_EMPTY_BODY = YES;
				CLANG_WARN_ENUM_CONVERSION = YES;
				CLANG_WARN_INFINITE_RECURSION = YES;
				CLANG_WARN_INT_CONVERSION = YES;
				CLANG_WARN_NON_LITERAL_NULL_CONVERSION = YES;
				CLANG_WARN_OBJC_IMPLICIT_RETAIN_SELF = YES;
				CLANG_WARN_OBJC_LITERAL_CONVERSION = YES;
				CLANG_WARN_OBJC_ROOT_CLASS = YES_ERROR;
				CLANG_WARN_RANGE_LOOP_ANALYSIS = YES;
				CLANG_WARN_STRICT_PROTOTYPES = YES;
				CLANG_WARN_SUSPICIOUS_MOVE = YES;
				CLANG_WARN_UNREACHABLE_CODE = YES;
				CLANG_WARN__DUPLICATE_METHOD_MATCH = YES;
				"CODE_SIGN_IDENTITY[sdk=iphoneos*]" = "iPhone Developer";
				COPY_PHASE_STRIP = NO;
				ENABLE_STRICT_OBJC_MSGSEND = YES;
				ENABLE_TESTABILITY = YES;
				GCC_C_LANGUAGE_STANDARD = gnu99;
				GCC_DYNAMIC_NO_PIC = NO;
				GCC_NO_COMMON_BLOCKS = YES;
				GCC_OPTIMIZATION_LEVEL = 0;
				GCC_PREPROCESSOR_DEFINITIONS = (
					"DEBUG=1",
					"$(inherited)",
				);
				GCC_SYMBOLS_PRIVATE_EXTERN = NO;
				GCC_WARN_64_TO_32_BIT_CONVERSION = YES;
				GCC_WARN_ABOUT_RETURN_TYPE = YES_ERROR;
				GCC_WARN_UNDECLARED_SELECTOR = YES;
				GCC_WARN_UNINITIALIZED_AUTOS = YES_AGGRESSIVE;
				GCC_WARN_UNUSED_FUNCTION = YES;
				GCC_WARN_UNUSED_VARIABLE = YES;
				IPHONEOS_DEPLOYMENT_TARGET = 9.0;
				MTL_ENABLE_DEBUG_INFO = YES;
				ONLY_ACTIVE_ARCH = YES;
				SDKROOT = iphoneos;
			};
			name = Debug;
		};
		83CBBA211A601CBA00E9B192 /* Release */ = {
			isa = XCBuildConfiguration;
			buildSettings = {
				ALWAYS_SEARCH_USER_PATHS = NO;
				CLANG_CXX_LANGUAGE_STANDARD = "gnu++0x";
				CLANG_CXX_LIBRARY = "libc++";
				CLANG_ENABLE_MODULES = YES;
				CLANG_ENABLE_OBJC_ARC = YES;
				CLANG_WARN_BLOCK_CAPTURE_AUTORELEASING = YES;
				CLANG_WARN_BOOL_CONVERSION = YES;
				CLANG_WARN_COMMA = YES;
				CLANG_WARN_CONSTANT_CONVERSION = YES;
				CLANG_WARN_DEPRECATED_OBJC_IMPLEMENTATIONS = YES;
				CLANG_WARN_DIRECT_OBJC_ISA_USAGE = YES_ERROR;
				CLANG_WARN_EMPTY_BODY = YES;
				CLANG_WARN_ENUM_CONVERSION = YES;
				CLANG_WARN_INFINITE_RECURSION = YES;
				CLANG_WARN_INT_CONVERSION = YES;
				CLANG_WARN_NON_LITERAL_NULL_CONVERSION = YES;
				CLANG_WARN_OBJC_IMPLICIT_RETAIN_SELF = YES;
				CLANG_WARN_OBJC_LITERAL_CONVERSION = YES;
				CLANG_WARN_OBJC_ROOT_CLASS = YES_ERROR;
				CLANG_WARN_RANGE_LOOP_ANALYSIS = YES;
				CLANG_WARN_STRICT_PROTOTYPES = YES;
				CLANG_WARN_SUSPICIOUS_MOVE = YES;
				CLANG_WARN_UNREACHABLE_CODE = YES;
				CLANG_WARN__DUPLICATE_METHOD_MATCH = YES;
				"CODE_SIGN_IDENTITY[sdk=iphoneos*]" = "iPhone Developer";
				COPY_PHASE_STRIP = YES;
				ENABLE_NS_ASSERTIONS = NO;
				ENABLE_STRICT_OBJC_MSGSEND = YES;
				GCC_C_LANGUAGE_STANDARD = gnu99;
				GCC_NO_COMMON_BLOCKS = YES;
				GCC_WARN_64_TO_32_BIT_CONVERSION = YES;
				GCC_WARN_ABOUT_RETURN_TYPE = YES_ERROR;
				GCC_WARN_UNDECLARED_SELECTOR = YES;
				GCC_WARN_UNINITIALIZED_AUTOS = YES_AGGRESSIVE;
				GCC_WARN_UNUSED_FUNCTION = YES;
				GCC_WARN_UNUSED_VARIABLE = YES;
				IPHONEOS_DEPLOYMENT_TARGET = 9.0;
				MTL_ENABLE_DEBUG_INFO = NO;
				SDKROOT = iphoneos;
				VALIDATE_PRODUCT = YES;
			};
			name = Release;
		};
/* End XCBuildConfiguration section */

/* Begin XCConfigurationList section */
		00E357021AD99517003FC87E /* Build configuration list for PBXNativeTarget "Papyrus_60Tests" */ = {
			isa = XCConfigurationList;
			buildConfigurations = (
				00E356F61AD99517003FC87E /* Debug */,
				00E356F71AD99517003FC87E /* Release */,
			);
			defaultConfigurationIsVisible = 0;
			defaultConfigurationName = Release;
		};
		13B07F931A680F5B00A75B9A /* Build configuration list for PBXNativeTarget "Papyrus_60" */ = {
			isa = XCConfigurationList;
			buildConfigurations = (
				13B07F941A680F5B00A75B9A /* Debug */,
				13B07F951A680F5B00A75B9A /* Release */,
			);
			defaultConfigurationIsVisible = 0;
			defaultConfigurationName = Release;
		};
		2D02E4BA1E0B4A5E006451C7 /* Build configuration list for PBXNativeTarget "Papyrus_60-tvOS" */ = {
			isa = XCConfigurationList;
			buildConfigurations = (
				2D02E4971E0B4A5E006451C7 /* Debug */,
				2D02E4981E0B4A5E006451C7 /* Release */,
			);
			defaultConfigurationIsVisible = 0;
			defaultConfigurationName = Release;
		};
		2D02E4BB1E0B4A5E006451C7 /* Build configuration list for PBXNativeTarget "Papyrus_60-tvOSTests" */ = {
			isa = XCConfigurationList;
			buildConfigurations = (
				2D02E4991E0B4A5E006451C7 /* Debug */,
				2D02E49A1E0B4A5E006451C7 /* Release */,
			);
			defaultConfigurationIsVisible = 0;
			defaultConfigurationName = Release;
		};
		83CBB9FA1A601CBA00E9B192 /* Build configuration list for PBXProject "Papyrus_60" */ = {
			isa = XCConfigurationList;
			buildConfigurations = (
				83CBBA201A601CBA00E9B192 /* Debug */,
				83CBBA211A601CBA00E9B192 /* Release */,
			);
			defaultConfigurationIsVisible = 0;
			defaultConfigurationName = Release;
		};
/* End XCConfigurationList section */
	};
	rootObject = 83CBB9F71A601CBA00E9B192 /* Project object */;
}
